// !$*UTF8*$!
{
	archiveVersion = 1;
	classes = {
	};
	objectVersion = 55;
	objects = {

/* Begin PBXBuildFile section */
		991736B62A379FD800824B14 /* LoginScreen.storyboard in Resources */ = {isa = PBXBuildFile; fileRef = 991736B52A379FD800824B14 /* LoginScreen.storyboard */; };
		991736B82A37CFF700824B14 /* LoginViewController.swift in Sources */ = {isa = PBXBuildFile; fileRef = 991736B72A37CFF700824B14 /* LoginViewController.swift */; };
		991736BA2A37D00B00824B14 /* SignupViewController.swift in Sources */ = {isa = PBXBuildFile; fileRef = 991736B92A37D00B00824B14 /* SignupViewController.swift */; };
		991736BD2A37D16700824B14 /* MoreViewController.swift in Sources */ = {isa = PBXBuildFile; fileRef = 991736BC2A37D16700824B14 /* MoreViewController.swift */; };
		991C28D12A2D2DD900201DE7 /* AppDelegate.swift in Sources */ = {isa = PBXBuildFile; fileRef = 991C28D02A2D2DD900201DE7 /* AppDelegate.swift */; };
		991C28D32A2D2DD900201DE7 /* SceneDelegate.swift in Sources */ = {isa = PBXBuildFile; fileRef = 991C28D22A2D2DD900201DE7 /* SceneDelegate.swift */; };
		991C28D52A2D2DD900201DE7 /* InitalAuthScreen.swift in Sources */ = {isa = PBXBuildFile; fileRef = 991C28D42A2D2DD900201DE7 /* InitalAuthScreen.swift */; };
		991C28D82A2D2DD900201DE7 /* Main.storyboard in Resources */ = {isa = PBXBuildFile; fileRef = 991C28D62A2D2DD900201DE7 /* Main.storyboard */; };
		991C28DA2A2D2DDF00201DE7 /* Assets.xcassets in Resources */ = {isa = PBXBuildFile; fileRef = 991C28D92A2D2DDF00201DE7 /* Assets.xcassets */; };
		991C28DD2A2D2DDF00201DE7 /* LaunchScreen.storyboard in Resources */ = {isa = PBXBuildFile; fileRef = 991C28DB2A2D2DDF00201DE7 /* LaunchScreen.storyboard */; };
		991C28E82A2D2DE000201DE7 /* FoodARomaTests.swift in Sources */ = {isa = PBXBuildFile; fileRef = 991C28E72A2D2DE000201DE7 /* FoodARomaTests.swift */; };
		991C28F22A2D2DE000201DE7 /* FoodARomaUITests.swift in Sources */ = {isa = PBXBuildFile; fileRef = 991C28F12A2D2DE000201DE7 /* FoodARomaUITests.swift */; };
		991C28F42A2D2DE000201DE7 /* FoodARomaUITestsLaunchTests.swift in Sources */ = {isa = PBXBuildFile; fileRef = 991C28F32A2D2DE000201DE7 /* FoodARomaUITestsLaunchTests.swift */; };
		991C29042A2D7B6C00201DE7 /* HomeViewController.swift in Sources */ = {isa = PBXBuildFile; fileRef = 991C29032A2D7B6C00201DE7 /* HomeViewController.swift */; };
		992781DB2A311C8A00F10E5D /* HomeMenuCollectionViewCell.swift in Sources */ = {isa = PBXBuildFile; fileRef = 992781D92A311C8A00F10E5D /* HomeMenuCollectionViewCell.swift */; };
		992781DC2A311C8A00F10E5D /* HomeMenuCollectionViewCell.xib in Resources */ = {isa = PBXBuildFile; fileRef = 992781DA2A311C8A00F10E5D /* HomeMenuCollectionViewCell.xib */; };
		992ECBD72A3B662700B8745A /* Alamofire in Frameworks */ = {isa = PBXBuildFile; productRef = 992ECBD62A3B662700B8745A /* Alamofire */; };
		992ECBD92A3B689300B8745A /* Constants.swift in Sources */ = {isa = PBXBuildFile; fileRef = 992ECBD82A3B689300B8745A /* Constants.swift */; };
		992ECBDC2A3B6E6300B8745A /* LoginModel.swift in Sources */ = {isa = PBXBuildFile; fileRef = 992ECBDB2A3B6E6200B8745A /* LoginModel.swift */; };
		992ECBDE2A3B77B600B8745A /* ResturentMain.storyboard in Resources */ = {isa = PBXBuildFile; fileRef = 992ECBDD2A3B77B600B8745A /* ResturentMain.storyboard */; };
		992ECBE52A3B7FBD00B8745A /* ResturentOrderscell.swift in Sources */ = {isa = PBXBuildFile; fileRef = 992ECBE32A3B7FBD00B8745A /* ResturentOrderscell.swift */; };
		992ECBE62A3B7FBD00B8745A /* ResturentOrderscell.xib in Resources */ = {isa = PBXBuildFile; fileRef = 992ECBE42A3B7FBD00B8745A /* ResturentOrderscell.xib */; };
		992ECBE82A3B8DCE00B8745A /* ResturentNavigationView.swift in Sources */ = {isa = PBXBuildFile; fileRef = 992ECBE72A3B8DCE00B8745A /* ResturentNavigationView.swift */; };
		992ECBEA2A3B91BC00B8745A /* ResturentOrdersController.swift in Sources */ = {isa = PBXBuildFile; fileRef = 992ECBE92A3B91BC00B8745A /* ResturentOrdersController.swift */; };
		996089AD2A3FFA3100C89866 /* RegistrationModel.swift in Sources */ = {isa = PBXBuildFile; fileRef = 996089AC2A3FFA3100C89866 /* RegistrationModel.swift */; };
		99A623B32A3239D6003BF199 /* BeverageMenuCollectionViewCell.swift in Sources */ = {isa = PBXBuildFile; fileRef = 99A623B12A3239D6003BF199 /* BeverageMenuCollectionViewCell.swift */; };
		99A623B42A3239D6003BF199 /* BeverageMenuCollectionViewCell.xib in Resources */ = {isa = PBXBuildFile; fileRef = 99A623B22A3239D6003BF199 /* BeverageMenuCollectionViewCell.xib */; };
		E70684752A89D5A900C3D2BF /* IQKeyboardManagerSwift in Frameworks */ = {isa = PBXBuildFile; productRef = E70684742A89D5A900C3D2BF /* IQKeyboardManagerSwift */; };
		E7377C142A5B5BC600F5C29F /* ResturentAddOrderStoryboard.storyboard in Resources */ = {isa = PBXBuildFile; fileRef = E7377C132A5B5BC600F5C29F /* ResturentAddOrderStoryboard.storyboard */; };
		E7377C162A5B5EB700F5C29F /* ResturentSettingsViewController.swift in Sources */ = {isa = PBXBuildFile; fileRef = E7377C152A5B5EB700F5C29F /* ResturentSettingsViewController.swift */; };
		E7377C192A5B609A00F5C29F /* MainNavigationViewController.swift in Sources */ = {isa = PBXBuildFile; fileRef = E7377C182A5B609A00F5C29F /* MainNavigationViewController.swift */; };
		E74E95162A81EA0A000C638D /* DGCharts in Frameworks */ = {isa = PBXBuildFile; productRef = E74E95152A81EA0A000C638D /* DGCharts */; };
		E75279332A44C7E000AF3EA2 /* customLoadingAnimation.swift in Sources */ = {isa = PBXBuildFile; fileRef = E75279322A44C7E000AF3EA2 /* customLoadingAnimation.swift */; };
		E75279372A44C87200AF3EA2 /* NVActivityIndicatorView in Frameworks */ = {isa = PBXBuildFile; productRef = E75279362A44C87200AF3EA2 /* NVActivityIndicatorView */; };
		E75279392A44C87200AF3EA2 /* NVActivityIndicatorViewExtended in Frameworks */ = {isa = PBXBuildFile; productRef = E75279382A44C87200AF3EA2 /* NVActivityIndicatorViewExtended */; };
		E75E4C782A745409006463EC /* PepperoniMediumMedium.usdz in Resources */ = {isa = PBXBuildFile; fileRef = E75E4C722A745407006463EC /* PepperoniMediumMedium.usdz */; };
		E75E4C792A745409006463EC /* PepperoniSmallLarge.usdz in Resources */ = {isa = PBXBuildFile; fileRef = E75E4C732A745408006463EC /* PepperoniSmallLarge.usdz */; };
		E75E4C7A2A745409006463EC /* PepperoniMediumSmall.usdz in Resources */ = {isa = PBXBuildFile; fileRef = E75E4C742A745408006463EC /* PepperoniMediumSmall.usdz */; };
		E75E4C7B2A745409006463EC /* PepperoniSmallSmall.usdz in Resources */ = {isa = PBXBuildFile; fileRef = E75E4C752A745408006463EC /* PepperoniSmallSmall.usdz */; };
		E75E4C7C2A745409006463EC /* PepperoniMediumLarge.usdz in Resources */ = {isa = PBXBuildFile; fileRef = E75E4C762A745408006463EC /* PepperoniMediumLarge.usdz */; };
		E75E4C7D2A745409006463EC /* PepperoniSmallMedium.usdz in Resources */ = {isa = PBXBuildFile; fileRef = E75E4C772A745409006463EC /* PepperoniSmallMedium.usdz */; };
		E75E4C812A745A92006463EC /* PepperoniLargeLarge.usdz in Resources */ = {isa = PBXBuildFile; fileRef = E75E4C7E2A745A91006463EC /* PepperoniLargeLarge.usdz */; };
		E75E4C822A745A92006463EC /* PepperoniLargeMedium.usdz in Resources */ = {isa = PBXBuildFile; fileRef = E75E4C7F2A745A91006463EC /* PepperoniLargeMedium.usdz */; };
		E75E4C832A745A92006463EC /* PepperoniLargeSmall.usdz in Resources */ = {isa = PBXBuildFile; fileRef = E75E4C802A745A92006463EC /* PepperoniLargeSmall.usdz */; };
		E75E4C882A746C60006463EC /* blackolivesSmallSmall.usdz in Resources */ = {isa = PBXBuildFile; fileRef = E75E4C852A746C60006463EC /* blackolivesSmallSmall.usdz */; };
		E75E4C892A746C60006463EC /* blackolivesSmallMedium.usdz in Resources */ = {isa = PBXBuildFile; fileRef = E75E4C862A746C60006463EC /* blackolivesSmallMedium.usdz */; };
		E75E4C8A2A746C60006463EC /* blackolivesSmallLarge.usdz in Resources */ = {isa = PBXBuildFile; fileRef = E75E4C872A746C60006463EC /* blackolivesSmallLarge.usdz */; };
		E75E4C912A7475FB006463EC /* blackolivesLargeMedium.usdz in Resources */ = {isa = PBXBuildFile; fileRef = E75E4C8B2A7475FA006463EC /* blackolivesLargeMedium.usdz */; };
		E75E4C922A7475FB006463EC /* blackolivesMediumMedium.usdz in Resources */ = {isa = PBXBuildFile; fileRef = E75E4C8C2A7475FA006463EC /* blackolivesMediumMedium.usdz */; };
		E75E4C932A7475FB006463EC /* blackolivesMediumLarge.usdz in Resources */ = {isa = PBXBuildFile; fileRef = E75E4C8D2A7475FA006463EC /* blackolivesMediumLarge.usdz */; };
		E75E4C942A7475FB006463EC /* blackolivesLargeSmall.usdz in Resources */ = {isa = PBXBuildFile; fileRef = E75E4C8E2A7475FA006463EC /* blackolivesLargeSmall.usdz */; };
		E75E4C952A7475FB006463EC /* blackolivesMediumSmall.usdz in Resources */ = {isa = PBXBuildFile; fileRef = E75E4C8F2A7475FB006463EC /* blackolivesMediumSmall.usdz */; };
		E75E4C962A7475FB006463EC /* blackolivesLargeLarge.usdz in Resources */ = {isa = PBXBuildFile; fileRef = E75E4C902A7475FB006463EC /* blackolivesLargeLarge.usdz */; };
		E75E4C9A2A757FC8006463EC /* OrderTableViewCell.swift in Sources */ = {isa = PBXBuildFile; fileRef = E75E4C982A757FC8006463EC /* OrderTableViewCell.swift */; };
		E75E4C9B2A757FC8006463EC /* OrderTableViewCell.xib in Resources */ = {isa = PBXBuildFile; fileRef = E75E4C992A757FC8006463EC /* OrderTableViewCell.xib */; };
		E75E4C9E2A758504006463EC /* OrderHistoryViewController.swift in Sources */ = {isa = PBXBuildFile; fileRef = E75E4C9D2A758504006463EC /* OrderHistoryViewController.swift */; };
		E75E4CA02A75880F006463EC /* Globals.swift in Sources */ = {isa = PBXBuildFile; fileRef = E75E4C9F2A75880F006463EC /* Globals.swift */; };
		E75E4CA22A758A78006463EC /* OrderStoryboard.storyboard in Resources */ = {isa = PBXBuildFile; fileRef = E75E4CA12A758A78006463EC /* OrderStoryboard.storyboard */; };
		E75E4CA42A758B12006463EC /* CartViewController.swift in Sources */ = {isa = PBXBuildFile; fileRef = E75E4CA32A758B12006463EC /* CartViewController.swift */; };
		E75E4CA82A77495D006463EC /* CustomOrdetCollectionViewCell.swift in Sources */ = {isa = PBXBuildFile; fileRef = E75E4CA62A77495D006463EC /* CustomOrdetCollectionViewCell.swift */; };
		E75E4CA92A77495D006463EC /* CustomOrdetCollectionViewCell.xib in Resources */ = {isa = PBXBuildFile; fileRef = E75E4CA72A77495D006463EC /* CustomOrdetCollectionViewCell.xib */; };
		E76933612A5E569700C31184 /* EmptyTableViewCell.swift in Sources */ = {isa = PBXBuildFile; fileRef = E769335F2A5E569700C31184 /* EmptyTableViewCell.swift */; };
		E76933622A5E569700C31184 /* EmptyTableViewCell.xib in Resources */ = {isa = PBXBuildFile; fileRef = E76933602A5E569700C31184 /* EmptyTableViewCell.xib */; };
		E76944A52A67969000F9904B /* title1.usdz in Resources */ = {isa = PBXBuildFile; fileRef = E76944A42A67968F00F9904B /* title1.usdz */; };
		E76944A82A684BDD00F9904B /* Lottie in Frameworks */ = {isa = PBXBuildFile; productRef = E76944A72A684BDD00F9904B /* Lottie */; };
		E76944AB2A684CA000F9904B /* move.json in Resources */ = {isa = PBXBuildFile; fileRef = E76944AA2A684CA000F9904B /* move.json */; };
		E78AF08A2A57BC3F00B40B18 /* HomeMenuTableViewCell.swift in Sources */ = {isa = PBXBuildFile; fileRef = E78AF0882A57BC3F00B40B18 /* HomeMenuTableViewCell.swift */; };
		E78AF08B2A57BC3F00B40B18 /* HomeMenuTableViewCell.xib in Resources */ = {isa = PBXBuildFile; fileRef = E78AF0892A57BC3F00B40B18 /* HomeMenuTableViewCell.xib */; };
		E79F8FD52A5BA23C00482CE1 /* ResturentAddNewOrderViewController.swift in Sources */ = {isa = PBXBuildFile; fileRef = E79F8FD42A5BA23C00482CE1 /* ResturentAddNewOrderViewController.swift */; };
		E7A2096A2A55D4D2002FF49E /* AllMenuModel.swift in Sources */ = {isa = PBXBuildFile; fileRef = E7A209692A55D4D2002FF49E /* AllMenuModel.swift */; };
		E7A2096D2A55DFC5002FF49E /* SwiftyJSON in Frameworks */ = {isa = PBXBuildFile; productRef = E7A2096C2A55DFC5002FF49E /* SwiftyJSON */; };
		E7A226732A630D2800015015 /* AlamofireImage in Frameworks */ = {isa = PBXBuildFile; productRef = E7A226722A630D2800015015 /* AlamofireImage */; };
		E7BD30A92A5B424700FC288E /* ResturentMenuViewController.swift in Sources */ = {isa = PBXBuildFile; fileRef = E7BD30A82A5B424700FC288E /* ResturentMenuViewController.swift */; };
		E7BDA9722A562A31008097CA /* SearchViewController.swift in Sources */ = {isa = PBXBuildFile; fileRef = E7BDA9712A562A31008097CA /* SearchViewController.swift */; };
		E7BFD10C2A5240000016445A /* OrderDetailsViewController.swift in Sources */ = {isa = PBXBuildFile; fileRef = E7BFD10B2A5240000016445A /* OrderDetailsViewController.swift */; };
		E7BFD10E2A5240350016445A /* HomeOrder.storyboard in Resources */ = {isa = PBXBuildFile; fileRef = E7BFD10D2A5240350016445A /* HomeOrder.storyboard */; };
		E7C0D61F2A4A4B8F00AB9CD3 /* MyScene.rcproject in Sources */ = {isa = PBXBuildFile; fileRef = E7C0D61E2A4A4B8F00AB9CD3 /* MyScene.rcproject */; };
		E7C0D6212A4A4BBF00AB9CD3 /* BuildOwnViewController.swift in Sources */ = {isa = PBXBuildFile; fileRef = E7C0D6202A4A4BBF00AB9CD3 /* BuildOwnViewController.swift */; };
		E7C4D1F92A7996EA00913A06 /* DateExtenction.swift in Sources */ = {isa = PBXBuildFile; fileRef = E7C4D1F82A7996EA00913A06 /* DateExtenction.swift */; };
		E7C4D1FB2A7ACC9C00913A06 /* ActiveOrderModel.swift in Sources */ = {isa = PBXBuildFile; fileRef = E7C4D1FA2A7ACC9C00913A06 /* ActiveOrderModel.swift */; };
		E7D034112A5458B5008D8BDF /* Extenctions.swift in Sources */ = {isa = PBXBuildFile; fileRef = E7D034102A5458B5008D8BDF /* Extenctions.swift */; };
		E7D042F22A53A11300AEDC5E /* RatingsViewController.swift in Sources */ = {isa = PBXBuildFile; fileRef = E7D042F12A53A11300AEDC5E /* RatingsViewController.swift */; };
		E7F437732A534F5600B3D4CD /* CommentsViewController.swift in Sources */ = {isa = PBXBuildFile; fileRef = E7F437722A534F5600B3D4CD /* CommentsViewController.swift */; };
		E7F437782A53502800B3D4CD /* CommentTableViewCell.swift in Sources */ = {isa = PBXBuildFile; fileRef = E7F437762A53502800B3D4CD /* CommentTableViewCell.swift */; };
		E7F437792A53502800B3D4CD /* CommentTableViewCell.xib in Resources */ = {isa = PBXBuildFile; fileRef = E7F437772A53502800B3D4CD /* CommentTableViewCell.xib */; };
		E7F458092A70828F00F2A912 /* CustomPizzaModel.swift in Sources */ = {isa = PBXBuildFile; fileRef = E7F458082A70828F00F2A912 /* CustomPizzaModel.swift */; };
		E7F560AD2A841CE30066C2A9 /* ArrivalViewController.swift in Sources */ = {isa = PBXBuildFile; fileRef = E7F560AC2A841CE30066C2A9 /* ArrivalViewController.swift */; };
		E7F5C3682A82F0A0005CE37B /* paymentViewController.swift in Sources */ = {isa = PBXBuildFile; fileRef = E7F5C3672A82F0A0005CE37B /* paymentViewController.swift */; };
		E7F5C36B2A82FDDA005CE37B /* PanModal in Frameworks */ = {isa = PBXBuildFile; productRef = E7F5C36A2A82FDDA005CE37B /* PanModal */; };
		E7F5C3702A831652005CE37B /* StripePayments in Frameworks */ = {isa = PBXBuildFile; productRef = E7F5C36F2A831652005CE37B /* StripePayments */; };
		E7F6A2A12A72F774001025A8 /* pizzasmall.usdz in Resources */ = {isa = PBXBuildFile; fileRef = E7F6A2A02A72F774001025A8 /* pizzasmall.usdz */; };
		E7F6A2A32A72F8B6001025A8 /* pizzamedium.usdz in Resources */ = {isa = PBXBuildFile; fileRef = E7F6A2A22A72F8B6001025A8 /* pizzamedium.usdz */; };
		E7F6A2A52A72F8BD001025A8 /* pizzaLarge.usdz in Resources */ = {isa = PBXBuildFile; fileRef = E7F6A2A42A72F8BD001025A8 /* pizzaLarge.usdz */; };
		E7F6A2B32A734FA2001025A8 /* cheeseSmallSmall.usdz in Resources */ = {isa = PBXBuildFile; fileRef = E7F6A2AF2A734FA1001025A8 /* cheeseSmallSmall.usdz */; };
		E7F6A2B42A734FA2001025A8 /* cheeseSmallLarge.usdz in Resources */ = {isa = PBXBuildFile; fileRef = E7F6A2B02A734FA1001025A8 /* cheeseSmallLarge.usdz */; };
		E7F6A2B52A734FA2001025A8 /* cheeseSmallMedium.usdz in Resources */ = {isa = PBXBuildFile; fileRef = E7F6A2B12A734FA2001025A8 /* cheeseSmallMedium.usdz */; };
		E7FD8FE62A7B2A2400EC6E96 /* OrderHistoryDetailsViewController.swift in Sources */ = {isa = PBXBuildFile; fileRef = E7FD8FE52A7B2A2400EC6E96 /* OrderHistoryDetailsViewController.swift */; };
		E7FD8FE92A7D68CA00EC6E96 /* CustomOrderHistoryTableViewCell.swift in Sources */ = {isa = PBXBuildFile; fileRef = E7FD8FE72A7D68CA00EC6E96 /* CustomOrderHistoryTableViewCell.swift */; };
		E7FD8FEA2A7D68CA00EC6E96 /* CustomOrderHistoryTableViewCell.xib in Resources */ = {isa = PBXBuildFile; fileRef = E7FD8FE82A7D68CA00EC6E96 /* CustomOrderHistoryTableViewCell.xib */; };
		E7FD8FEC2A7EA69100EC6E96 /* OrderHistoryModel.swift in Sources */ = {isa = PBXBuildFile; fileRef = E7FD8FEB2A7EA69100EC6E96 /* OrderHistoryModel.swift */; };
		E7FD8FF42A81DC5400EC6E96 /* StaticsViewController.swift in Sources */ = {isa = PBXBuildFile; fileRef = E7FD8FF32A81DC5400EC6E96 /* StaticsViewController.swift */; };
/* End PBXBuildFile section */

/* Begin PBXContainerItemProxy section */
		991C28E42A2D2DE000201DE7 /* PBXContainerItemProxy */ = {
			isa = PBXContainerItemProxy;
			containerPortal = 991C28C52A2D2DD900201DE7 /* Project object */;
			proxyType = 1;
			remoteGlobalIDString = 991C28CC2A2D2DD900201DE7;
			remoteInfo = FoodARoma;
		};
		991C28EE2A2D2DE000201DE7 /* PBXContainerItemProxy */ = {
			isa = PBXContainerItemProxy;
			containerPortal = 991C28C52A2D2DD900201DE7 /* Project object */;
			proxyType = 1;
			remoteGlobalIDString = 991C28CC2A2D2DD900201DE7;
			remoteInfo = FoodARoma;
		};
/* End PBXContainerItemProxy section */

/* Begin PBXFileReference section */
		991736B52A379FD800824B14 /* LoginScreen.storyboard */ = {isa = PBXFileReference; lastKnownFileType = file.storyboard; path = LoginScreen.storyboard; sourceTree = "<group>"; };
		991736B72A37CFF700824B14 /* LoginViewController.swift */ = {isa = PBXFileReference; lastKnownFileType = sourcecode.swift; path = LoginViewController.swift; sourceTree = "<group>"; };
		991736B92A37D00B00824B14 /* SignupViewController.swift */ = {isa = PBXFileReference; lastKnownFileType = sourcecode.swift; path = SignupViewController.swift; sourceTree = "<group>"; };
		991736BC2A37D16700824B14 /* MoreViewController.swift */ = {isa = PBXFileReference; lastKnownFileType = sourcecode.swift; path = MoreViewController.swift; sourceTree = "<group>"; };
		991C28CD2A2D2DD900201DE7 /* FoodARoma.app */ = {isa = PBXFileReference; explicitFileType = wrapper.application; includeInIndex = 0; path = FoodARoma.app; sourceTree = BUILT_PRODUCTS_DIR; };
		991C28D02A2D2DD900201DE7 /* AppDelegate.swift */ = {isa = PBXFileReference; lastKnownFileType = sourcecode.swift; path = AppDelegate.swift; sourceTree = "<group>"; };
		991C28D22A2D2DD900201DE7 /* SceneDelegate.swift */ = {isa = PBXFileReference; lastKnownFileType = sourcecode.swift; path = SceneDelegate.swift; sourceTree = "<group>"; };
		991C28D42A2D2DD900201DE7 /* InitalAuthScreen.swift */ = {isa = PBXFileReference; lastKnownFileType = sourcecode.swift; path = InitalAuthScreen.swift; sourceTree = "<group>"; };
		991C28D72A2D2DD900201DE7 /* Base */ = {isa = PBXFileReference; lastKnownFileType = file.storyboard; name = Base; path = Base.lproj/Main.storyboard; sourceTree = "<group>"; };
		991C28D92A2D2DDF00201DE7 /* Assets.xcassets */ = {isa = PBXFileReference; lastKnownFileType = folder.assetcatalog; path = Assets.xcassets; sourceTree = "<group>"; };
		991C28DC2A2D2DDF00201DE7 /* Base */ = {isa = PBXFileReference; lastKnownFileType = file.storyboard; name = Base; path = Base.lproj/LaunchScreen.storyboard; sourceTree = "<group>"; };
		991C28DE2A2D2DDF00201DE7 /* Info.plist */ = {isa = PBXFileReference; lastKnownFileType = text.plist.xml; path = Info.plist; sourceTree = "<group>"; };
		991C28E32A2D2DE000201DE7 /* FoodARomaTests.xctest */ = {isa = PBXFileReference; explicitFileType = wrapper.cfbundle; includeInIndex = 0; path = FoodARomaTests.xctest; sourceTree = BUILT_PRODUCTS_DIR; };
		991C28E72A2D2DE000201DE7 /* FoodARomaTests.swift */ = {isa = PBXFileReference; lastKnownFileType = sourcecode.swift; path = FoodARomaTests.swift; sourceTree = "<group>"; };
		991C28ED2A2D2DE000201DE7 /* FoodARomaUITests.xctest */ = {isa = PBXFileReference; explicitFileType = wrapper.cfbundle; includeInIndex = 0; path = FoodARomaUITests.xctest; sourceTree = BUILT_PRODUCTS_DIR; };
		991C28F12A2D2DE000201DE7 /* FoodARomaUITests.swift */ = {isa = PBXFileReference; lastKnownFileType = sourcecode.swift; path = FoodARomaUITests.swift; sourceTree = "<group>"; };
		991C28F32A2D2DE000201DE7 /* FoodARomaUITestsLaunchTests.swift */ = {isa = PBXFileReference; lastKnownFileType = sourcecode.swift; path = FoodARomaUITestsLaunchTests.swift; sourceTree = "<group>"; };
		991C29032A2D7B6C00201DE7 /* HomeViewController.swift */ = {isa = PBXFileReference; lastKnownFileType = sourcecode.swift; path = HomeViewController.swift; sourceTree = "<group>"; };
		992781D92A311C8A00F10E5D /* HomeMenuCollectionViewCell.swift */ = {isa = PBXFileReference; lastKnownFileType = sourcecode.swift; path = HomeMenuCollectionViewCell.swift; sourceTree = "<group>"; };
		992781DA2A311C8A00F10E5D /* HomeMenuCollectionViewCell.xib */ = {isa = PBXFileReference; lastKnownFileType = file.xib; path = HomeMenuCollectionViewCell.xib; sourceTree = "<group>"; };
		992ECBD82A3B689300B8745A /* Constants.swift */ = {isa = PBXFileReference; lastKnownFileType = sourcecode.swift; path = Constants.swift; sourceTree = "<group>"; };
		992ECBDB2A3B6E6200B8745A /* LoginModel.swift */ = {isa = PBXFileReference; lastKnownFileType = sourcecode.swift; path = LoginModel.swift; sourceTree = "<group>"; };
		992ECBDD2A3B77B600B8745A /* ResturentMain.storyboard */ = {isa = PBXFileReference; lastKnownFileType = file.storyboard; path = ResturentMain.storyboard; sourceTree = "<group>"; };
		992ECBE32A3B7FBD00B8745A /* ResturentOrderscell.swift */ = {isa = PBXFileReference; lastKnownFileType = sourcecode.swift; path = ResturentOrderscell.swift; sourceTree = "<group>"; };
		992ECBE42A3B7FBD00B8745A /* ResturentOrderscell.xib */ = {isa = PBXFileReference; lastKnownFileType = file.xib; path = ResturentOrderscell.xib; sourceTree = "<group>"; };
		992ECBE72A3B8DCE00B8745A /* ResturentNavigationView.swift */ = {isa = PBXFileReference; lastKnownFileType = sourcecode.swift; path = ResturentNavigationView.swift; sourceTree = "<group>"; };
		992ECBE92A3B91BC00B8745A /* ResturentOrdersController.swift */ = {isa = PBXFileReference; lastKnownFileType = sourcecode.swift; path = ResturentOrdersController.swift; sourceTree = "<group>"; };
		996089AC2A3FFA3100C89866 /* RegistrationModel.swift */ = {isa = PBXFileReference; lastKnownFileType = sourcecode.swift; path = RegistrationModel.swift; sourceTree = "<group>"; };
		99A623B12A3239D6003BF199 /* BeverageMenuCollectionViewCell.swift */ = {isa = PBXFileReference; lastKnownFileType = sourcecode.swift; path = BeverageMenuCollectionViewCell.swift; sourceTree = "<group>"; };
		99A623B22A3239D6003BF199 /* BeverageMenuCollectionViewCell.xib */ = {isa = PBXFileReference; lastKnownFileType = file.xib; path = BeverageMenuCollectionViewCell.xib; sourceTree = "<group>"; };
		E7377C132A5B5BC600F5C29F /* ResturentAddOrderStoryboard.storyboard */ = {isa = PBXFileReference; lastKnownFileType = file.storyboard; path = ResturentAddOrderStoryboard.storyboard; sourceTree = "<group>"; };
		E7377C152A5B5EB700F5C29F /* ResturentSettingsViewController.swift */ = {isa = PBXFileReference; lastKnownFileType = sourcecode.swift; path = ResturentSettingsViewController.swift; sourceTree = "<group>"; };
		E7377C182A5B609A00F5C29F /* MainNavigationViewController.swift */ = {isa = PBXFileReference; lastKnownFileType = sourcecode.swift; path = MainNavigationViewController.swift; sourceTree = "<group>"; };
		E75279322A44C7E000AF3EA2 /* customLoadingAnimation.swift */ = {isa = PBXFileReference; lastKnownFileType = sourcecode.swift; path = customLoadingAnimation.swift; sourceTree = "<group>"; };
		E75E4C722A745407006463EC /* PepperoniMediumMedium.usdz */ = {isa = PBXFileReference; lastKnownFileType = file.usdz; path = PepperoniMediumMedium.usdz; sourceTree = "<group>"; };
		E75E4C732A745408006463EC /* PepperoniSmallLarge.usdz */ = {isa = PBXFileReference; lastKnownFileType = file.usdz; path = PepperoniSmallLarge.usdz; sourceTree = "<group>"; };
		E75E4C742A745408006463EC /* PepperoniMediumSmall.usdz */ = {isa = PBXFileReference; lastKnownFileType = file.usdz; path = PepperoniMediumSmall.usdz; sourceTree = "<group>"; };
		E75E4C752A745408006463EC /* PepperoniSmallSmall.usdz */ = {isa = PBXFileReference; lastKnownFileType = file.usdz; path = PepperoniSmallSmall.usdz; sourceTree = "<group>"; };
		E75E4C762A745408006463EC /* PepperoniMediumLarge.usdz */ = {isa = PBXFileReference; lastKnownFileType = file.usdz; path = PepperoniMediumLarge.usdz; sourceTree = "<group>"; };
		E75E4C772A745409006463EC /* PepperoniSmallMedium.usdz */ = {isa = PBXFileReference; lastKnownFileType = file.usdz; path = PepperoniSmallMedium.usdz; sourceTree = "<group>"; };
		E75E4C7E2A745A91006463EC /* PepperoniLargeLarge.usdz */ = {isa = PBXFileReference; lastKnownFileType = file.usdz; path = PepperoniLargeLarge.usdz; sourceTree = "<group>"; };
		E75E4C7F2A745A91006463EC /* PepperoniLargeMedium.usdz */ = {isa = PBXFileReference; lastKnownFileType = file.usdz; path = PepperoniLargeMedium.usdz; sourceTree = "<group>"; };
		E75E4C802A745A92006463EC /* PepperoniLargeSmall.usdz */ = {isa = PBXFileReference; lastKnownFileType = file.usdz; path = PepperoniLargeSmall.usdz; sourceTree = "<group>"; };
		E75E4C852A746C60006463EC /* blackolivesSmallSmall.usdz */ = {isa = PBXFileReference; lastKnownFileType = file.usdz; path = blackolivesSmallSmall.usdz; sourceTree = "<group>"; };
		E75E4C862A746C60006463EC /* blackolivesSmallMedium.usdz */ = {isa = PBXFileReference; lastKnownFileType = file.usdz; path = blackolivesSmallMedium.usdz; sourceTree = "<group>"; };
		E75E4C872A746C60006463EC /* blackolivesSmallLarge.usdz */ = {isa = PBXFileReference; lastKnownFileType = file.usdz; path = blackolivesSmallLarge.usdz; sourceTree = "<group>"; };
		E75E4C8B2A7475FA006463EC /* blackolivesLargeMedium.usdz */ = {isa = PBXFileReference; lastKnownFileType = file.usdz; path = blackolivesLargeMedium.usdz; sourceTree = "<group>"; };
		E75E4C8C2A7475FA006463EC /* blackolivesMediumMedium.usdz */ = {isa = PBXFileReference; lastKnownFileType = file.usdz; path = blackolivesMediumMedium.usdz; sourceTree = "<group>"; };
		E75E4C8D2A7475FA006463EC /* blackolivesMediumLarge.usdz */ = {isa = PBXFileReference; lastKnownFileType = file.usdz; path = blackolivesMediumLarge.usdz; sourceTree = "<group>"; };
		E75E4C8E2A7475FA006463EC /* blackolivesLargeSmall.usdz */ = {isa = PBXFileReference; lastKnownFileType = file.usdz; path = blackolivesLargeSmall.usdz; sourceTree = "<group>"; };
		E75E4C8F2A7475FB006463EC /* blackolivesMediumSmall.usdz */ = {isa = PBXFileReference; lastKnownFileType = file.usdz; path = blackolivesMediumSmall.usdz; sourceTree = "<group>"; };
		E75E4C902A7475FB006463EC /* blackolivesLargeLarge.usdz */ = {isa = PBXFileReference; lastKnownFileType = file.usdz; path = blackolivesLargeLarge.usdz; sourceTree = "<group>"; };
		E75E4C982A757FC8006463EC /* OrderTableViewCell.swift */ = {isa = PBXFileReference; lastKnownFileType = sourcecode.swift; path = OrderTableViewCell.swift; sourceTree = "<group>"; };
		E75E4C992A757FC8006463EC /* OrderTableViewCell.xib */ = {isa = PBXFileReference; lastKnownFileType = file.xib; path = OrderTableViewCell.xib; sourceTree = "<group>"; };
		E75E4C9D2A758504006463EC /* OrderHistoryViewController.swift */ = {isa = PBXFileReference; lastKnownFileType = sourcecode.swift; path = OrderHistoryViewController.swift; sourceTree = "<group>"; };
		E75E4C9F2A75880F006463EC /* Globals.swift */ = {isa = PBXFileReference; lastKnownFileType = sourcecode.swift; path = Globals.swift; sourceTree = "<group>"; };
		E75E4CA12A758A78006463EC /* OrderStoryboard.storyboard */ = {isa = PBXFileReference; lastKnownFileType = file.storyboard; path = OrderStoryboard.storyboard; sourceTree = "<group>"; };
		E75E4CA32A758B12006463EC /* CartViewController.swift */ = {isa = PBXFileReference; lastKnownFileType = sourcecode.swift; path = CartViewController.swift; sourceTree = "<group>"; };
		E75E4CA62A77495D006463EC /* CustomOrdetCollectionViewCell.swift */ = {isa = PBXFileReference; lastKnownFileType = sourcecode.swift; path = CustomOrdetCollectionViewCell.swift; sourceTree = "<group>"; };
		E75E4CA72A77495D006463EC /* CustomOrdetCollectionViewCell.xib */ = {isa = PBXFileReference; lastKnownFileType = file.xib; path = CustomOrdetCollectionViewCell.xib; sourceTree = "<group>"; };
		E769335F2A5E569700C31184 /* EmptyTableViewCell.swift */ = {isa = PBXFileReference; lastKnownFileType = sourcecode.swift; path = EmptyTableViewCell.swift; sourceTree = "<group>"; };
		E76933602A5E569700C31184 /* EmptyTableViewCell.xib */ = {isa = PBXFileReference; lastKnownFileType = file.xib; path = EmptyTableViewCell.xib; sourceTree = "<group>"; };
		E76944A42A67968F00F9904B /* title1.usdz */ = {isa = PBXFileReference; lastKnownFileType = file.usdz; path = title1.usdz; sourceTree = "<group>"; };
		E76944AA2A684CA000F9904B /* move.json */ = {isa = PBXFileReference; fileEncoding = 4; lastKnownFileType = text.json; path = move.json; sourceTree = "<group>"; };
		E78AF0882A57BC3F00B40B18 /* HomeMenuTableViewCell.swift */ = {isa = PBXFileReference; lastKnownFileType = sourcecode.swift; path = HomeMenuTableViewCell.swift; sourceTree = "<group>"; };
		E78AF0892A57BC3F00B40B18 /* HomeMenuTableViewCell.xib */ = {isa = PBXFileReference; lastKnownFileType = file.xib; path = HomeMenuTableViewCell.xib; sourceTree = "<group>"; };
		E79F8FD42A5BA23C00482CE1 /* ResturentAddNewOrderViewController.swift */ = {isa = PBXFileReference; lastKnownFileType = sourcecode.swift; path = ResturentAddNewOrderViewController.swift; sourceTree = "<group>"; };
		E7A209692A55D4D2002FF49E /* AllMenuModel.swift */ = {isa = PBXFileReference; lastKnownFileType = sourcecode.swift; path = AllMenuModel.swift; sourceTree = "<group>"; };
		E7BD30A82A5B424700FC288E /* ResturentMenuViewController.swift */ = {isa = PBXFileReference; lastKnownFileType = sourcecode.swift; path = ResturentMenuViewController.swift; sourceTree = "<group>"; };
		E7BDA9712A562A31008097CA /* SearchViewController.swift */ = {isa = PBXFileReference; lastKnownFileType = sourcecode.swift; path = SearchViewController.swift; sourceTree = "<group>"; };
		E7BFD10B2A5240000016445A /* OrderDetailsViewController.swift */ = {isa = PBXFileReference; lastKnownFileType = sourcecode.swift; path = OrderDetailsViewController.swift; sourceTree = "<group>"; };
		E7BFD10D2A5240350016445A /* HomeOrder.storyboard */ = {isa = PBXFileReference; lastKnownFileType = file.storyboard; path = HomeOrder.storyboard; sourceTree = "<group>"; };
		E7C0D61E2A4A4B8F00AB9CD3 /* MyScene.rcproject */ = {isa = PBXFileReference; lastKnownFileType = file.rcproject; path = MyScene.rcproject; sourceTree = "<group>"; };
		E7C0D6202A4A4BBF00AB9CD3 /* BuildOwnViewController.swift */ = {isa = PBXFileReference; lastKnownFileType = sourcecode.swift; path = BuildOwnViewController.swift; sourceTree = "<group>"; };
		E7C4D1F82A7996EA00913A06 /* DateExtenction.swift */ = {isa = PBXFileReference; lastKnownFileType = sourcecode.swift; path = DateExtenction.swift; sourceTree = "<group>"; };
		E7C4D1FA2A7ACC9C00913A06 /* ActiveOrderModel.swift */ = {isa = PBXFileReference; lastKnownFileType = sourcecode.swift; path = ActiveOrderModel.swift; sourceTree = "<group>"; };
		E7D034102A5458B5008D8BDF /* Extenctions.swift */ = {isa = PBXFileReference; lastKnownFileType = sourcecode.swift; path = Extenctions.swift; sourceTree = "<group>"; };
		E7D042F12A53A11300AEDC5E /* RatingsViewController.swift */ = {isa = PBXFileReference; lastKnownFileType = sourcecode.swift; path = RatingsViewController.swift; sourceTree = "<group>"; };
		E7F437722A534F5600B3D4CD /* CommentsViewController.swift */ = {isa = PBXFileReference; lastKnownFileType = sourcecode.swift; path = CommentsViewController.swift; sourceTree = "<group>"; };
		E7F437762A53502800B3D4CD /* CommentTableViewCell.swift */ = {isa = PBXFileReference; lastKnownFileType = sourcecode.swift; path = CommentTableViewCell.swift; sourceTree = "<group>"; };
		E7F437772A53502800B3D4CD /* CommentTableViewCell.xib */ = {isa = PBXFileReference; lastKnownFileType = file.xib; path = CommentTableViewCell.xib; sourceTree = "<group>"; };
		E7F458082A70828F00F2A912 /* CustomPizzaModel.swift */ = {isa = PBXFileReference; lastKnownFileType = sourcecode.swift; path = CustomPizzaModel.swift; sourceTree = "<group>"; };
		E7F560AC2A841CE30066C2A9 /* ArrivalViewController.swift */ = {isa = PBXFileReference; lastKnownFileType = sourcecode.swift; path = ArrivalViewController.swift; sourceTree = "<group>"; };
		E7F5C3672A82F0A0005CE37B /* paymentViewController.swift */ = {isa = PBXFileReference; lastKnownFileType = sourcecode.swift; path = paymentViewController.swift; sourceTree = "<group>"; };
		E7F6A2A02A72F774001025A8 /* pizzasmall.usdz */ = {isa = PBXFileReference; lastKnownFileType = file.usdz; path = pizzasmall.usdz; sourceTree = "<group>"; };
		E7F6A2A22A72F8B6001025A8 /* pizzamedium.usdz */ = {isa = PBXFileReference; lastKnownFileType = file.usdz; path = pizzamedium.usdz; sourceTree = "<group>"; };
		E7F6A2A42A72F8BD001025A8 /* pizzaLarge.usdz */ = {isa = PBXFileReference; lastKnownFileType = file.usdz; path = pizzaLarge.usdz; sourceTree = "<group>"; };
		E7F6A2AF2A734FA1001025A8 /* cheeseSmallSmall.usdz */ = {isa = PBXFileReference; lastKnownFileType = file.usdz; path = cheeseSmallSmall.usdz; sourceTree = "<group>"; };
		E7F6A2B02A734FA1001025A8 /* cheeseSmallLarge.usdz */ = {isa = PBXFileReference; lastKnownFileType = file.usdz; path = cheeseSmallLarge.usdz; sourceTree = "<group>"; };
		E7F6A2B12A734FA2001025A8 /* cheeseSmallMedium.usdz */ = {isa = PBXFileReference; lastKnownFileType = file.usdz; path = cheeseSmallMedium.usdz; sourceTree = "<group>"; };
		E7FD8FE52A7B2A2400EC6E96 /* OrderHistoryDetailsViewController.swift */ = {isa = PBXFileReference; lastKnownFileType = sourcecode.swift; path = OrderHistoryDetailsViewController.swift; sourceTree = "<group>"; };
		E7FD8FE72A7D68CA00EC6E96 /* CustomOrderHistoryTableViewCell.swift */ = {isa = PBXFileReference; lastKnownFileType = sourcecode.swift; path = CustomOrderHistoryTableViewCell.swift; sourceTree = "<group>"; };
		E7FD8FE82A7D68CA00EC6E96 /* CustomOrderHistoryTableViewCell.xib */ = {isa = PBXFileReference; lastKnownFileType = file.xib; path = CustomOrderHistoryTableViewCell.xib; sourceTree = "<group>"; };
		E7FD8FEB2A7EA69100EC6E96 /* OrderHistoryModel.swift */ = {isa = PBXFileReference; lastKnownFileType = sourcecode.swift; path = OrderHistoryModel.swift; sourceTree = "<group>"; };
		E7FD8FF32A81DC5400EC6E96 /* StaticsViewController.swift */ = {isa = PBXFileReference; lastKnownFileType = sourcecode.swift; path = StaticsViewController.swift; sourceTree = "<group>"; };
/* End PBXFileReference section */

/* Begin PBXFrameworksBuildPhase section */
		991C28CA2A2D2DD900201DE7 /* Frameworks */ = {
			isa = PBXFrameworksBuildPhase;
			buildActionMask = 2147483647;
			files = (
				E7F5C3702A831652005CE37B /* StripePayments in Frameworks */,
				E75279392A44C87200AF3EA2 /* NVActivityIndicatorViewExtended in Frameworks */,
				E75279372A44C87200AF3EA2 /* NVActivityIndicatorView in Frameworks */,
				E7A226732A630D2800015015 /* AlamofireImage in Frameworks */,
				E7A2096D2A55DFC5002FF49E /* SwiftyJSON in Frameworks */,
				E70684752A89D5A900C3D2BF /* IQKeyboardManagerSwift in Frameworks */,
				E7F5C36B2A82FDDA005CE37B /* PanModal in Frameworks */,
				992ECBD72A3B662700B8745A /* Alamofire in Frameworks */,
				E74E95162A81EA0A000C638D /* DGCharts in Frameworks */,
				E76944A82A684BDD00F9904B /* Lottie in Frameworks */,
			);
			runOnlyForDeploymentPostprocessing = 0;
		};
		991C28E02A2D2DE000201DE7 /* Frameworks */ = {
			isa = PBXFrameworksBuildPhase;
			buildActionMask = 2147483647;
			files = (
			);
			runOnlyForDeploymentPostprocessing = 0;
		};
		991C28EA2A2D2DE000201DE7 /* Frameworks */ = {
			isa = PBXFrameworksBuildPhase;
			buildActionMask = 2147483647;
			files = (
			);
			runOnlyForDeploymentPostprocessing = 0;
		};
/* End PBXFrameworksBuildPhase section */

/* Begin PBXGroup section */
		991736BB2A37D0A600824B14 /* Login */ = {
			isa = PBXGroup;
			children = (
				991736B72A37CFF700824B14 /* LoginViewController.swift */,
				991736B92A37D00B00824B14 /* SignupViewController.swift */,
			);
			path = Login;
			sourceTree = "<group>";
		};
		991736BE2A37D17300824B14 /* MenuView */ = {
			isa = PBXGroup;
			children = (
				991736BC2A37D16700824B14 /* MoreViewController.swift */,
			);
			path = MenuView;
			sourceTree = "<group>";
		};
		991C28C42A2D2DD900201DE7 = {
			isa = PBXGroup;
			children = (
				991C28CF2A2D2DD900201DE7 /* FoodARoma */,
				991C28E62A2D2DE000201DE7 /* FoodARomaTests */,
				991C28F02A2D2DE000201DE7 /* FoodARomaUITests */,
				991C28CE2A2D2DD900201DE7 /* Products */,
				E74E95142A81EA0A000C638D /* Frameworks */,
			);
			sourceTree = "<group>";
		};
		991C28CE2A2D2DD900201DE7 /* Products */ = {
			isa = PBXGroup;
			children = (
				991C28CD2A2D2DD900201DE7 /* FoodARoma.app */,
				991C28E32A2D2DE000201DE7 /* FoodARomaTests.xctest */,
				991C28ED2A2D2DE000201DE7 /* FoodARomaUITests.xctest */,
			);
			name = Products;
			sourceTree = "<group>";
		};
		991C28CF2A2D2DD900201DE7 /* FoodARoma */ = {
			isa = PBXGroup;
			children = (
				991C28D02A2D2DD900201DE7 /* AppDelegate.swift */,
				991C28D22A2D2DD900201DE7 /* SceneDelegate.swift */,
				991C29022A2D77E900201DE7 /* Model */,
				991C29012A2D77D200201DE7 /* Controller */,
				991C29002A2D77BA00201DE7 /* View */,
				992ECBDA2A3B689B00B8745A /* Constants */,
				E76944A92A684C7800F9904B /* LotiAnimation */,
				E75279342A44C7E700AF3EA2 /* CustomFiles */,
				991C28D92A2D2DDF00201DE7 /* Assets.xcassets */,
				991C28DE2A2D2DDF00201DE7 /* Info.plist */,
			);
			path = FoodARoma;
			sourceTree = "<group>";
		};
		991C28E62A2D2DE000201DE7 /* FoodARomaTests */ = {
			isa = PBXGroup;
			children = (
				991C28E72A2D2DE000201DE7 /* FoodARomaTests.swift */,
			);
			path = FoodARomaTests;
			sourceTree = "<group>";
		};
		991C28F02A2D2DE000201DE7 /* FoodARomaUITests */ = {
			isa = PBXGroup;
			children = (
				991C28F12A2D2DE000201DE7 /* FoodARomaUITests.swift */,
				991C28F32A2D2DE000201DE7 /* FoodARomaUITestsLaunchTests.swift */,
			);
			path = FoodARomaUITests;
			sourceTree = "<group>";
		};
		991C29002A2D77BA00201DE7 /* View */ = {
			isa = PBXGroup;
			children = (
				99F821442A3E2C34004CC154 /* Customer */,
				992ECBDF2A3B77C100B8745A /* Resturent */,
				991C28D62A2D2DD900201DE7 /* Main.storyboard */,
				991C28DB2A2D2DDF00201DE7 /* LaunchScreen.storyboard */,
				991736B52A379FD800824B14 /* LoginScreen.storyboard */,
			);
			path = View;
			sourceTree = "<group>";
		};
		991C29012A2D77D200201DE7 /* Controller */ = {
			isa = PBXGroup;
			children = (
				E7377C182A5B609A00F5C29F /* MainNavigationViewController.swift */,
				991C28D42A2D2DD900201DE7 /* InitalAuthScreen.swift */,
				991736BB2A37D0A600824B14 /* Login */,
				992781DD2A311CA500F10E5D /* HomeVIew */,
				E7C0D61D2A4A4B6700AB9CD3 /* BuildOwn */,
				E75E4C9C2A757FD9006463EC /* Order */,
				991736BE2A37D17300824B14 /* MenuView */,
				992ECBE02A3B7F5900B8745A /* Resturent */,
			);
			path = Controller;
			sourceTree = "<group>";
		};
		991C29022A2D77E900201DE7 /* Model */ = {
			isa = PBXGroup;
			children = (
				E75E4C9F2A75880F006463EC /* Globals.swift */,
				992ECBDB2A3B6E6200B8745A /* LoginModel.swift */,
				996089AC2A3FFA3100C89866 /* RegistrationModel.swift */,
				E7A209692A55D4D2002FF49E /* AllMenuModel.swift */,
				E7FD8FEB2A7EA69100EC6E96 /* OrderHistoryModel.swift */,
				E7F458082A70828F00F2A912 /* CustomPizzaModel.swift */,
				E7C4D1FA2A7ACC9C00913A06 /* ActiveOrderModel.swift */,
			);
			path = Model;
			sourceTree = "<group>";
		};
		992781DD2A311CA500F10E5D /* HomeVIew */ = {
			isa = PBXGroup;
			children = (
				E769335F2A5E569700C31184 /* EmptyTableViewCell.swift */,
				E7BFD10B2A5240000016445A /* OrderDetailsViewController.swift */,
				E7F437722A534F5600B3D4CD /* CommentsViewController.swift */,
				E7F437762A53502800B3D4CD /* CommentTableViewCell.swift */,
				992781D92A311C8A00F10E5D /* HomeMenuCollectionViewCell.swift */,
				991C29032A2D7B6C00201DE7 /* HomeViewController.swift */,
				99A623B12A3239D6003BF199 /* BeverageMenuCollectionViewCell.swift */,
				E78AF0882A57BC3F00B40B18 /* HomeMenuTableViewCell.swift */,
				E7D042F12A53A11300AEDC5E /* RatingsViewController.swift */,
				E7BDA9712A562A31008097CA /* SearchViewController.swift */,
			);
			path = HomeVIew;
			sourceTree = "<group>";
		};
		992ECBDA2A3B689B00B8745A /* Constants */ = {
			isa = PBXGroup;
			children = (
				992ECBD82A3B689300B8745A /* Constants.swift */,
			);
			path = Constants;
			sourceTree = "<group>";
		};
		992ECBDF2A3B77C100B8745A /* Resturent */ = {
			isa = PBXGroup;
			children = (
				992ECBDD2A3B77B600B8745A /* ResturentMain.storyboard */,
				992ECBE22A3B7F8E00B8745A /* ResturentOrders */,
			);
			path = Resturent;
			sourceTree = "<group>";
		};
		992ECBE02A3B7F5900B8745A /* Resturent */ = {
			isa = PBXGroup;
			children = (
				992ECBE72A3B8DCE00B8745A /* ResturentNavigationView.swift */,
				E7FD8FF22A81DBDE00EC6E96 /* ResturentStat */,
				992ECBE12A3B7F6600B8745A /* ResturentOrders */,
				E7BD30AA2A5B425200FC288E /* ResturentMenu */,
				E7377C172A5B5EBD00F5C29F /* ResturentSettings */,
			);
			path = Resturent;
			sourceTree = "<group>";
		};
		992ECBE12A3B7F6600B8745A /* ResturentOrders */ = {
			isa = PBXGroup;
			children = (
				992ECBE32A3B7FBD00B8745A /* ResturentOrderscell.swift */,
				992ECBE92A3B91BC00B8745A /* ResturentOrdersController.swift */,
			);
			path = ResturentOrders;
			sourceTree = "<group>";
		};
		992ECBE22A3B7F8E00B8745A /* ResturentOrders */ = {
			isa = PBXGroup;
			children = (
				992ECBE42A3B7FBD00B8745A /* ResturentOrderscell.xib */,
				E7377C132A5B5BC600F5C29F /* ResturentAddOrderStoryboard.storyboard */,
			);
			path = ResturentOrders;
			sourceTree = "<group>";
		};
		99BE23132A313D000014DC89 /* HomeVew */ = {
			isa = PBXGroup;
			children = (
				992781DA2A311C8A00F10E5D /* HomeMenuCollectionViewCell.xib */,
				99A623B22A3239D6003BF199 /* BeverageMenuCollectionViewCell.xib */,
				E7BFD10D2A5240350016445A /* HomeOrder.storyboard */,
				E7F437772A53502800B3D4CD /* CommentTableViewCell.xib */,
				E78AF0892A57BC3F00B40B18 /* HomeMenuTableViewCell.xib */,
				E76933602A5E569700C31184 /* EmptyTableViewCell.xib */,
			);
			path = HomeVew;
			sourceTree = "<group>";
		};
		99F821442A3E2C34004CC154 /* Customer */ = {
			isa = PBXGroup;
			children = (
				E75E4CA52A7748C1006463EC /* Build */,
				E75E4C972A757F8A006463EC /* orderView */,
				99BE23132A313D000014DC89 /* HomeVew */,
			);
			path = Customer;
			sourceTree = "<group>";
		};
		E7377C172A5B5EBD00F5C29F /* ResturentSettings */ = {
			isa = PBXGroup;
			children = (
				E7377C152A5B5EB700F5C29F /* ResturentSettingsViewController.swift */,
			);
			path = ResturentSettings;
			sourceTree = "<group>";
		};
		E74E95142A81EA0A000C638D /* Frameworks */ = {
			isa = PBXGroup;
			children = (
			);
			name = Frameworks;
			sourceTree = "<group>";
		};
		E75279342A44C7E700AF3EA2 /* CustomFiles */ = {
			isa = PBXGroup;
			children = (
				E75279322A44C7E000AF3EA2 /* customLoadingAnimation.swift */,
				E7D034102A5458B5008D8BDF /* Extenctions.swift */,
				E7C4D1F82A7996EA00913A06 /* DateExtenction.swift */,
			);
			path = CustomFiles;
			sourceTree = "<group>";
		};
		E75E4C712A7453FA006463EC /* pep */ = {
			isa = PBXGroup;
			children = (
				E75E4C7E2A745A91006463EC /* PepperoniLargeLarge.usdz */,
				E75E4C7F2A745A91006463EC /* PepperoniLargeMedium.usdz */,
				E75E4C802A745A92006463EC /* PepperoniLargeSmall.usdz */,
				E75E4C762A745408006463EC /* PepperoniMediumLarge.usdz */,
				E75E4C722A745407006463EC /* PepperoniMediumMedium.usdz */,
				E75E4C742A745408006463EC /* PepperoniMediumSmall.usdz */,
				E75E4C732A745408006463EC /* PepperoniSmallLarge.usdz */,
				E75E4C772A745409006463EC /* PepperoniSmallMedium.usdz */,
				E75E4C752A745408006463EC /* PepperoniSmallSmall.usdz */,
			);
			path = pep;
			sourceTree = "<group>";
		};
		E75E4C842A746C48006463EC /* blackOlives */ = {
			isa = PBXGroup;
			children = (
				E75E4C902A7475FB006463EC /* blackolivesLargeLarge.usdz */,
				E75E4C8B2A7475FA006463EC /* blackolivesLargeMedium.usdz */,
				E75E4C8E2A7475FA006463EC /* blackolivesLargeSmall.usdz */,
				E75E4C8D2A7475FA006463EC /* blackolivesMediumLarge.usdz */,
				E75E4C8C2A7475FA006463EC /* blackolivesMediumMedium.usdz */,
				E75E4C8F2A7475FB006463EC /* blackolivesMediumSmall.usdz */,
				E75E4C872A746C60006463EC /* blackolivesSmallLarge.usdz */,
				E75E4C862A746C60006463EC /* blackolivesSmallMedium.usdz */,
				E75E4C852A746C60006463EC /* blackolivesSmallSmall.usdz */,
			);
			path = blackOlives;
			sourceTree = "<group>";
		};
		E75E4C972A757F8A006463EC /* orderView */ = {
			isa = PBXGroup;
			children = (
				E75E4C992A757FC8006463EC /* OrderTableViewCell.xib */,
				E75E4CA12A758A78006463EC /* OrderStoryboard.storyboard */,
				E7FD8FE82A7D68CA00EC6E96 /* CustomOrderHistoryTableViewCell.xib */,
			);
			path = orderView;
			sourceTree = "<group>";
		};
		E75E4C9C2A757FD9006463EC /* Order */ = {
			isa = PBXGroup;
			children = (
				E75E4C982A757FC8006463EC /* OrderTableViewCell.swift */,
				E75E4C9D2A758504006463EC /* OrderHistoryViewController.swift */,
				E7FD8FE72A7D68CA00EC6E96 /* CustomOrderHistoryTableViewCell.swift */,
				E75E4CA32A758B12006463EC /* CartViewController.swift */,
				E7FD8FE52A7B2A2400EC6E96 /* OrderHistoryDetailsViewController.swift */,
				E7F5C3672A82F0A0005CE37B /* paymentViewController.swift */,
				E7F560AC2A841CE30066C2A9 /* ArrivalViewController.swift */,
			);
			path = Order;
			sourceTree = "<group>";
		};
		E75E4CA52A7748C1006463EC /* Build */ = {
			isa = PBXGroup;
			children = (
				E75E4CA72A77495D006463EC /* CustomOrdetCollectionViewCell.xib */,
			);
			path = Build;
			sourceTree = "<group>";
		};
		E76944A92A684C7800F9904B /* LotiAnimation */ = {
			isa = PBXGroup;
			children = (
				E76944AA2A684CA000F9904B /* move.json */,
			);
			path = LotiAnimation;
			sourceTree = "<group>";
		};
		E7BD30AA2A5B425200FC288E /* ResturentMenu */ = {
			isa = PBXGroup;
			children = (
				E7BD30A82A5B424700FC288E /* ResturentMenuViewController.swift */,
				E79F8FD42A5BA23C00482CE1 /* ResturentAddNewOrderViewController.swift */,
			);
			path = ResturentMenu;
			sourceTree = "<group>";
		};
		E7C0D61D2A4A4B6700AB9CD3 /* BuildOwn */ = {
			isa = PBXGroup;
			children = (
				E7C0D6202A4A4BBF00AB9CD3 /* BuildOwnViewController.swift */,
				E75E4CA62A77495D006463EC /* CustomOrdetCollectionViewCell.swift */,
				E75E4C842A746C48006463EC /* blackOlives */,
				E75E4C712A7453FA006463EC /* pep */,
				E7F6A2B72A734FAC001025A8 /* Cheese */,
				E7F6A2A62A72FFBB001025A8 /* pizza Size */,
				E76944A42A67968F00F9904B /* title1.usdz */,
				E7C0D61E2A4A4B8F00AB9CD3 /* MyScene.rcproject */,
			);
			path = BuildOwn;
			sourceTree = "<group>";
		};
		E7F6A2A62A72FFBB001025A8 /* pizza Size */ = {
			isa = PBXGroup;
			children = (
				E7F6A2A02A72F774001025A8 /* pizzasmall.usdz */,
				E7F6A2A22A72F8B6001025A8 /* pizzamedium.usdz */,
				E7F6A2A42A72F8BD001025A8 /* pizzaLarge.usdz */,
			);
			path = "pizza Size";
			sourceTree = "<group>";
		};
		E7F6A2B72A734FAC001025A8 /* Cheese */ = {
			isa = PBXGroup;
			children = (
				E7F6A2B02A734FA1001025A8 /* cheeseSmallLarge.usdz */,
				E7F6A2B12A734FA2001025A8 /* cheeseSmallMedium.usdz */,
				E7F6A2AF2A734FA1001025A8 /* cheeseSmallSmall.usdz */,
			);
			path = Cheese;
			sourceTree = "<group>";
		};
		E7FD8FF22A81DBDE00EC6E96 /* ResturentStat */ = {
			isa = PBXGroup;
			children = (
				E7FD8FF32A81DC5400EC6E96 /* StaticsViewController.swift */,
			);
			path = ResturentStat;
			sourceTree = "<group>";
		};
/* End PBXGroup section */

/* Begin PBXNativeTarget section */
		991C28CC2A2D2DD900201DE7 /* FoodARoma */ = {
			isa = PBXNativeTarget;
			buildConfigurationList = 991C28F72A2D2DE000201DE7 /* Build configuration list for PBXNativeTarget "FoodARoma" */;
			buildPhases = (
				991C28C92A2D2DD900201DE7 /* Sources */,
				991C28CA2A2D2DD900201DE7 /* Frameworks */,
				991C28CB2A2D2DD900201DE7 /* Resources */,
			);
			buildRules = (
			);
			dependencies = (
			);
			name = FoodARoma;
			packageProductDependencies = (
				992ECBD62A3B662700B8745A /* Alamofire */,
				E75279362A44C87200AF3EA2 /* NVActivityIndicatorView */,
				E75279382A44C87200AF3EA2 /* NVActivityIndicatorViewExtended */,
				E7A2096C2A55DFC5002FF49E /* SwiftyJSON */,
				E7A226722A630D2800015015 /* AlamofireImage */,
				E76944A72A684BDD00F9904B /* Lottie */,
				E74E95152A81EA0A000C638D /* DGCharts */,
				E7F5C36A2A82FDDA005CE37B /* PanModal */,
				E7F5C36F2A831652005CE37B /* StripePayments */,
				E70684742A89D5A900C3D2BF /* IQKeyboardManagerSwift */,
			);
			productName = FoodARoma;
			productReference = 991C28CD2A2D2DD900201DE7 /* FoodARoma.app */;
			productType = "com.apple.product-type.application";
		};
		991C28E22A2D2DE000201DE7 /* FoodARomaTests */ = {
			isa = PBXNativeTarget;
			buildConfigurationList = 991C28FA2A2D2DE000201DE7 /* Build configuration list for PBXNativeTarget "FoodARomaTests" */;
			buildPhases = (
				991C28DF2A2D2DE000201DE7 /* Sources */,
				991C28E02A2D2DE000201DE7 /* Frameworks */,
				991C28E12A2D2DE000201DE7 /* Resources */,
			);
			buildRules = (
			);
			dependencies = (
				991C28E52A2D2DE000201DE7 /* PBXTargetDependency */,
			);
			name = FoodARomaTests;
			productName = FoodARomaTests;
			productReference = 991C28E32A2D2DE000201DE7 /* FoodARomaTests.xctest */;
			productType = "com.apple.product-type.bundle.unit-test";
		};
		991C28EC2A2D2DE000201DE7 /* FoodARomaUITests */ = {
			isa = PBXNativeTarget;
			buildConfigurationList = 991C28FD2A2D2DE000201DE7 /* Build configuration list for PBXNativeTarget "FoodARomaUITests" */;
			buildPhases = (
				991C28E92A2D2DE000201DE7 /* Sources */,
				991C28EA2A2D2DE000201DE7 /* Frameworks */,
				991C28EB2A2D2DE000201DE7 /* Resources */,
			);
			buildRules = (
			);
			dependencies = (
				991C28EF2A2D2DE000201DE7 /* PBXTargetDependency */,
			);
			name = FoodARomaUITests;
			productName = FoodARomaUITests;
			productReference = 991C28ED2A2D2DE000201DE7 /* FoodARomaUITests.xctest */;
			productType = "com.apple.product-type.bundle.ui-testing";
		};
/* End PBXNativeTarget section */

/* Begin PBXProject section */
		991C28C52A2D2DD900201DE7 /* Project object */ = {
			isa = PBXProject;
			attributes = {
				BuildIndependentTargetsInParallel = 1;
				LastSwiftUpdateCheck = 1340;
				LastUpgradeCheck = 1340;
				TargetAttributes = {
					991C28CC2A2D2DD900201DE7 = {
						CreatedOnToolsVersion = 13.4.1;
					};
					991C28E22A2D2DE000201DE7 = {
						CreatedOnToolsVersion = 13.4.1;
						TestTargetID = 991C28CC2A2D2DD900201DE7;
					};
					991C28EC2A2D2DE000201DE7 = {
						CreatedOnToolsVersion = 13.4.1;
						TestTargetID = 991C28CC2A2D2DD900201DE7;
					};
				};
			};
			buildConfigurationList = 991C28C82A2D2DD900201DE7 /* Build configuration list for PBXProject "FoodARoma" */;
			compatibilityVersion = "Xcode 13.0";
			developmentRegion = en;
			hasScannedForEncodings = 0;
			knownRegions = (
				en,
				Base,
			);
			mainGroup = 991C28C42A2D2DD900201DE7;
			packageReferences = (
				992ECBD52A3B662700B8745A /* XCRemoteSwiftPackageReference "Alamofire" */,
				E75279352A44C87200AF3EA2 /* XCRemoteSwiftPackageReference "NVActivityIndicatorView" */,
				E7A2096B2A55DFC5002FF49E /* XCRemoteSwiftPackageReference "SwiftyJSON" */,
				E7A226712A630D2800015015 /* XCRemoteSwiftPackageReference "AlamofireImage" */,
				E76944A62A684BDD00F9904B /* XCRemoteSwiftPackageReference "lottie-spm" */,
				E7FD8FED2A81DB9A00EC6E96 /* XCRemoteSwiftPackageReference "Charts" */,
				E7F5C3692A82FDDA005CE37B /* XCRemoteSwiftPackageReference "PanModal" */,
				E7F5C36C2A831651005CE37B /* XCRemoteSwiftPackageReference "stripe-ios" */,
				E70684732A89D5A900C3D2BF /* XCRemoteSwiftPackageReference "IQKeyboardManager" */,
			);
			productRefGroup = 991C28CE2A2D2DD900201DE7 /* Products */;
			projectDirPath = "";
			projectRoot = "";
			targets = (
				991C28CC2A2D2DD900201DE7 /* FoodARoma */,
				991C28E22A2D2DE000201DE7 /* FoodARomaTests */,
				991C28EC2A2D2DE000201DE7 /* FoodARomaUITests */,
			);
		};
/* End PBXProject section */

/* Begin PBXResourcesBuildPhase section */
		991C28CB2A2D2DD900201DE7 /* Resources */ = {
			isa = PBXResourcesBuildPhase;
			buildActionMask = 2147483647;
			files = (
				E7F6A2A52A72F8BD001025A8 /* pizzaLarge.usdz in Resources */,
				E75E4C7A2A745409006463EC /* PepperoniMediumSmall.usdz in Resources */,
				E76944A52A67969000F9904B /* title1.usdz in Resources */,
				992781DC2A311C8A00F10E5D /* HomeMenuCollectionViewCell.xib in Resources */,
				992ECBDE2A3B77B600B8745A /* ResturentMain.storyboard in Resources */,
				E75E4C922A7475FB006463EC /* blackolivesMediumMedium.usdz in Resources */,
				E75E4C9B2A757FC8006463EC /* OrderTableViewCell.xib in Resources */,
				E75E4CA22A758A78006463EC /* OrderStoryboard.storyboard in Resources */,
				E7F6A2A32A72F8B6001025A8 /* pizzamedium.usdz in Resources */,
				E7F6A2A12A72F774001025A8 /* pizzasmall.usdz in Resources */,
				E7BFD10E2A5240350016445A /* HomeOrder.storyboard in Resources */,
				E75E4C832A745A92006463EC /* PepperoniLargeSmall.usdz in Resources */,
				E75E4C932A7475FB006463EC /* blackolivesMediumLarge.usdz in Resources */,
				991C28DD2A2D2DDF00201DE7 /* LaunchScreen.storyboard in Resources */,
				992ECBE62A3B7FBD00B8745A /* ResturentOrderscell.xib in Resources */,
				E75E4C942A7475FB006463EC /* blackolivesLargeSmall.usdz in Resources */,
				E75E4C7D2A745409006463EC /* PepperoniSmallMedium.usdz in Resources */,
				991C28DA2A2D2DDF00201DE7 /* Assets.xcassets in Resources */,
				E76933622A5E569700C31184 /* EmptyTableViewCell.xib in Resources */,
				E75E4C7B2A745409006463EC /* PepperoniSmallSmall.usdz in Resources */,
				E75E4C7C2A745409006463EC /* PepperoniMediumLarge.usdz in Resources */,
				99A623B42A3239D6003BF199 /* BeverageMenuCollectionViewCell.xib in Resources */,
				E7FD8FEA2A7D68CA00EC6E96 /* CustomOrderHistoryTableViewCell.xib in Resources */,
				E75E4C812A745A92006463EC /* PepperoniLargeLarge.usdz in Resources */,
				E75E4C882A746C60006463EC /* blackolivesSmallSmall.usdz in Resources */,
				E7F437792A53502800B3D4CD /* CommentTableViewCell.xib in Resources */,
				E76944AB2A684CA000F9904B /* move.json in Resources */,
				E75E4C8A2A746C60006463EC /* blackolivesSmallLarge.usdz in Resources */,
				E75E4C912A7475FB006463EC /* blackolivesLargeMedium.usdz in Resources */,
				E7F6A2B42A734FA2001025A8 /* cheeseSmallLarge.usdz in Resources */,
				E75E4C962A7475FB006463EC /* blackolivesLargeLarge.usdz in Resources */,
				E75E4C792A745409006463EC /* PepperoniSmallLarge.usdz in Resources */,
				991736B62A379FD800824B14 /* LoginScreen.storyboard in Resources */,
				E75E4C892A746C60006463EC /* blackolivesSmallMedium.usdz in Resources */,
				991C28D82A2D2DD900201DE7 /* Main.storyboard in Resources */,
				E7F6A2B32A734FA2001025A8 /* cheeseSmallSmall.usdz in Resources */,
				E75E4C782A745409006463EC /* PepperoniMediumMedium.usdz in Resources */,
				E75E4CA92A77495D006463EC /* CustomOrdetCollectionViewCell.xib in Resources */,
				E78AF08B2A57BC3F00B40B18 /* HomeMenuTableViewCell.xib in Resources */,
				E75E4C822A745A92006463EC /* PepperoniLargeMedium.usdz in Resources */,
				E7377C142A5B5BC600F5C29F /* ResturentAddOrderStoryboard.storyboard in Resources */,
				E75E4C952A7475FB006463EC /* blackolivesMediumSmall.usdz in Resources */,
				E7F6A2B52A734FA2001025A8 /* cheeseSmallMedium.usdz in Resources */,
			);
			runOnlyForDeploymentPostprocessing = 0;
		};
		991C28E12A2D2DE000201DE7 /* Resources */ = {
			isa = PBXResourcesBuildPhase;
			buildActionMask = 2147483647;
			files = (
			);
			runOnlyForDeploymentPostprocessing = 0;
		};
		991C28EB2A2D2DE000201DE7 /* Resources */ = {
			isa = PBXResourcesBuildPhase;
			buildActionMask = 2147483647;
			files = (
			);
			runOnlyForDeploymentPostprocessing = 0;
		};
/* End PBXResourcesBuildPhase section */

/* Begin PBXSourcesBuildPhase section */
		991C28C92A2D2DD900201DE7 /* Sources */ = {
			isa = PBXSourcesBuildPhase;
			buildActionMask = 2147483647;
			files = (
				E7FD8FE92A7D68CA00EC6E96 /* CustomOrderHistoryTableViewCell.swift in Sources */,
				E75279332A44C7E000AF3EA2 /* customLoadingAnimation.swift in Sources */,
				E7C0D61F2A4A4B8F00AB9CD3 /* MyScene.rcproject in Sources */,
				E7BD30A92A5B424700FC288E /* ResturentMenuViewController.swift in Sources */,
				E7BFD10C2A5240000016445A /* OrderDetailsViewController.swift in Sources */,
				E7C4D1F92A7996EA00913A06 /* DateExtenction.swift in Sources */,
				991736BD2A37D16700824B14 /* MoreViewController.swift in Sources */,
				E7F437782A53502800B3D4CD /* CommentTableViewCell.swift in Sources */,
				E7D042F22A53A11300AEDC5E /* RatingsViewController.swift in Sources */,
				E7FD8FF42A81DC5400EC6E96 /* StaticsViewController.swift in Sources */,
				E79F8FD52A5BA23C00482CE1 /* ResturentAddNewOrderViewController.swift in Sources */,
				991736B82A37CFF700824B14 /* LoginViewController.swift in Sources */,
				E76933612A5E569700C31184 /* EmptyTableViewCell.swift in Sources */,
				E7C0D6212A4A4BBF00AB9CD3 /* BuildOwnViewController.swift in Sources */,
				E7F458092A70828F00F2A912 /* CustomPizzaModel.swift in Sources */,
				E7FD8FE62A7B2A2400EC6E96 /* OrderHistoryDetailsViewController.swift in Sources */,
				991C28D52A2D2DD900201DE7 /* InitalAuthScreen.swift in Sources */,
				E7D034112A5458B5008D8BDF /* Extenctions.swift in Sources */,
				992ECBDC2A3B6E6300B8745A /* LoginModel.swift in Sources */,
				E78AF08A2A57BC3F00B40B18 /* HomeMenuTableViewCell.swift in Sources */,
				E75E4CA42A758B12006463EC /* CartViewController.swift in Sources */,
				E7F437732A534F5600B3D4CD /* CommentsViewController.swift in Sources */,
				E7A2096A2A55D4D2002FF49E /* AllMenuModel.swift in Sources */,
				991736BA2A37D00B00824B14 /* SignupViewController.swift in Sources */,
				992ECBEA2A3B91BC00B8745A /* ResturentOrdersController.swift in Sources */,
				E7BDA9722A562A31008097CA /* SearchViewController.swift in Sources */,
				991C28D12A2D2DD900201DE7 /* AppDelegate.swift in Sources */,
				992ECBD92A3B689300B8745A /* Constants.swift in Sources */,
				E7FD8FEC2A7EA69100EC6E96 /* OrderHistoryModel.swift in Sources */,
				99A623B32A3239D6003BF199 /* BeverageMenuCollectionViewCell.swift in Sources */,
				E75E4C9E2A758504006463EC /* OrderHistoryViewController.swift in Sources */,
				E75E4CA82A77495D006463EC /* CustomOrdetCollectionViewCell.swift in Sources */,
				991C28D32A2D2DD900201DE7 /* SceneDelegate.swift in Sources */,
				996089AD2A3FFA3100C89866 /* RegistrationModel.swift in Sources */,
				992781DB2A311C8A00F10E5D /* HomeMenuCollectionViewCell.swift in Sources */,
				E75E4C9A2A757FC8006463EC /* OrderTableViewCell.swift in Sources */,
				E7F560AD2A841CE30066C2A9 /* ArrivalViewController.swift in Sources */,
				E7377C162A5B5EB700F5C29F /* ResturentSettingsViewController.swift in Sources */,
				E7377C192A5B609A00F5C29F /* MainNavigationViewController.swift in Sources */,
				991C29042A2D7B6C00201DE7 /* HomeViewController.swift in Sources */,
				E7F5C3682A82F0A0005CE37B /* paymentViewController.swift in Sources */,
				E7C4D1FB2A7ACC9C00913A06 /* ActiveOrderModel.swift in Sources */,
				992ECBE52A3B7FBD00B8745A /* ResturentOrderscell.swift in Sources */,
				E75E4CA02A75880F006463EC /* Globals.swift in Sources */,
				992ECBE82A3B8DCE00B8745A /* ResturentNavigationView.swift in Sources */,
			);
			runOnlyForDeploymentPostprocessing = 0;
		};
		991C28DF2A2D2DE000201DE7 /* Sources */ = {
			isa = PBXSourcesBuildPhase;
			buildActionMask = 2147483647;
			files = (
				991C28E82A2D2DE000201DE7 /* FoodARomaTests.swift in Sources */,
			);
			runOnlyForDeploymentPostprocessing = 0;
		};
		991C28E92A2D2DE000201DE7 /* Sources */ = {
			isa = PBXSourcesBuildPhase;
			buildActionMask = 2147483647;
			files = (
				991C28F22A2D2DE000201DE7 /* FoodARomaUITests.swift in Sources */,
				991C28F42A2D2DE000201DE7 /* FoodARomaUITestsLaunchTests.swift in Sources */,
			);
			runOnlyForDeploymentPostprocessing = 0;
		};
/* End PBXSourcesBuildPhase section */

/* Begin PBXTargetDependency section */
		991C28E52A2D2DE000201DE7 /* PBXTargetDependency */ = {
			isa = PBXTargetDependency;
			target = 991C28CC2A2D2DD900201DE7 /* FoodARoma */;
			targetProxy = 991C28E42A2D2DE000201DE7 /* PBXContainerItemProxy */;
		};
		991C28EF2A2D2DE000201DE7 /* PBXTargetDependency */ = {
			isa = PBXTargetDependency;
			target = 991C28CC2A2D2DD900201DE7 /* FoodARoma */;
			targetProxy = 991C28EE2A2D2DE000201DE7 /* PBXContainerItemProxy */;
		};
/* End PBXTargetDependency section */

/* Begin PBXVariantGroup section */
		991C28D62A2D2DD900201DE7 /* Main.storyboard */ = {
			isa = PBXVariantGroup;
			children = (
				991C28D72A2D2DD900201DE7 /* Base */,
			);
			name = Main.storyboard;
			sourceTree = "<group>";
		};
		991C28DB2A2D2DDF00201DE7 /* LaunchScreen.storyboard */ = {
			isa = PBXVariantGroup;
			children = (
				991C28DC2A2D2DDF00201DE7 /* Base */,
			);
			name = LaunchScreen.storyboard;
			sourceTree = "<group>";
		};
/* End PBXVariantGroup section */

/* Begin XCBuildConfiguration section */
		991C28F52A2D2DE000201DE7 /* Debug */ = {
			isa = XCBuildConfiguration;
			buildSettings = {
				ALWAYS_SEARCH_USER_PATHS = NO;
				CLANG_ANALYZER_NONNULL = YES;
				CLANG_ANALYZER_NUMBER_OBJECT_CONVERSION = YES_AGGRESSIVE;
				CLANG_CXX_LANGUAGE_STANDARD = "gnu++17";
				CLANG_ENABLE_MODULES = YES;
				CLANG_ENABLE_OBJC_ARC = YES;
				CLANG_ENABLE_OBJC_WEAK = YES;
				CLANG_WARN_BLOCK_CAPTURE_AUTORELEASING = YES;
				CLANG_WARN_BOOL_CONVERSION = YES;
				CLANG_WARN_COMMA = YES;
				CLANG_WARN_CONSTANT_CONVERSION = YES;
				CLANG_WARN_DEPRECATED_OBJC_IMPLEMENTATIONS = YES;
				CLANG_WARN_DIRECT_OBJC_ISA_USAGE = YES_ERROR;
				CLANG_WARN_DOCUMENTATION_COMMENTS = YES;
				CLANG_WARN_EMPTY_BODY = YES;
				CLANG_WARN_ENUM_CONVERSION = YES;
				CLANG_WARN_INFINITE_RECURSION = YES;
				CLANG_WARN_INT_CONVERSION = YES;
				CLANG_WARN_NON_LITERAL_NULL_CONVERSION = YES;
				CLANG_WARN_OBJC_IMPLICIT_RETAIN_SELF = YES;
				CLANG_WARN_OBJC_LITERAL_CONVERSION = YES;
				CLANG_WARN_OBJC_ROOT_CLASS = YES_ERROR;
				CLANG_WARN_QUOTED_INCLUDE_IN_FRAMEWORK_HEADER = YES;
				CLANG_WARN_RANGE_LOOP_ANALYSIS = YES;
				CLANG_WARN_STRICT_PROTOTYPES = YES;
				CLANG_WARN_SUSPICIOUS_MOVE = YES;
				CLANG_WARN_UNGUARDED_AVAILABILITY = YES_AGGRESSIVE;
				CLANG_WARN_UNREACHABLE_CODE = YES;
				CLANG_WARN__DUPLICATE_METHOD_MATCH = YES;
				COPY_PHASE_STRIP = NO;
				DEBUG_INFORMATION_FORMAT = dwarf;
				ENABLE_STRICT_OBJC_MSGSEND = YES;
				ENABLE_TESTABILITY = YES;
				GCC_C_LANGUAGE_STANDARD = gnu11;
				GCC_DYNAMIC_NO_PIC = NO;
				GCC_NO_COMMON_BLOCKS = YES;
				GCC_OPTIMIZATION_LEVEL = 0;
				GCC_PREPROCESSOR_DEFINITIONS = (
					"DEBUG=1",
					"$(inherited)",
				);
				GCC_WARN_64_TO_32_BIT_CONVERSION = YES;
				GCC_WARN_ABOUT_RETURN_TYPE = YES_ERROR;
				GCC_WARN_UNDECLARED_SELECTOR = YES;
				GCC_WARN_UNINITIALIZED_AUTOS = YES_AGGRESSIVE;
				GCC_WARN_UNUSED_FUNCTION = YES;
				GCC_WARN_UNUSED_VARIABLE = YES;
				IPHONEOS_DEPLOYMENT_TARGET = 15.5;
				MTL_ENABLE_DEBUG_INFO = INCLUDE_SOURCE;
				MTL_FAST_MATH = YES;
				ONLY_ACTIVE_ARCH = YES;
				SDKROOT = iphoneos;
				SWIFT_ACTIVE_COMPILATION_CONDITIONS = DEBUG;
				SWIFT_OPTIMIZATION_LEVEL = "-Onone";
			};
			name = Debug;
		};
		991C28F62A2D2DE000201DE7 /* Release */ = {
			isa = XCBuildConfiguration;
			buildSettings = {
				ALWAYS_SEARCH_USER_PATHS = NO;
				CLANG_ANALYZER_NONNULL = YES;
				CLANG_ANALYZER_NUMBER_OBJECT_CONVERSION = YES_AGGRESSIVE;
				CLANG_CXX_LANGUAGE_STANDARD = "gnu++17";
				CLANG_ENABLE_MODULES = YES;
				CLANG_ENABLE_OBJC_ARC = YES;
				CLANG_ENABLE_OBJC_WEAK = YES;
				CLANG_WARN_BLOCK_CAPTURE_AUTORELEASING = YES;
				CLANG_WARN_BOOL_CONVERSION = YES;
				CLANG_WARN_COMMA = YES;
				CLANG_WARN_CONSTANT_CONVERSION = YES;
				CLANG_WARN_DEPRECATED_OBJC_IMPLEMENTATIONS = YES;
				CLANG_WARN_DIRECT_OBJC_ISA_USAGE = YES_ERROR;
				CLANG_WARN_DOCUMENTATION_COMMENTS = YES;
				CLANG_WARN_EMPTY_BODY = YES;
				CLANG_WARN_ENUM_CONVERSION = YES;
				CLANG_WARN_INFINITE_RECURSION = YES;
				CLANG_WARN_INT_CONVERSION = YES;
				CLANG_WARN_NON_LITERAL_NULL_CONVERSION = YES;
				CLANG_WARN_OBJC_IMPLICIT_RETAIN_SELF = YES;
				CLANG_WARN_OBJC_LITERAL_CONVERSION = YES;
				CLANG_WARN_OBJC_ROOT_CLASS = YES_ERROR;
				CLANG_WARN_QUOTED_INCLUDE_IN_FRAMEWORK_HEADER = YES;
				CLANG_WARN_RANGE_LOOP_ANALYSIS = YES;
				CLANG_WARN_STRICT_PROTOTYPES = YES;
				CLANG_WARN_SUSPICIOUS_MOVE = YES;
				CLANG_WARN_UNGUARDED_AVAILABILITY = YES_AGGRESSIVE;
				CLANG_WARN_UNREACHABLE_CODE = YES;
				CLANG_WARN__DUPLICATE_METHOD_MATCH = YES;
				COPY_PHASE_STRIP = NO;
				DEBUG_INFORMATION_FORMAT = "dwarf-with-dsym";
				ENABLE_NS_ASSERTIONS = NO;
				ENABLE_STRICT_OBJC_MSGSEND = YES;
				GCC_C_LANGUAGE_STANDARD = gnu11;
				GCC_NO_COMMON_BLOCKS = YES;
				GCC_WARN_64_TO_32_BIT_CONVERSION = YES;
				GCC_WARN_ABOUT_RETURN_TYPE = YES_ERROR;
				GCC_WARN_UNDECLARED_SELECTOR = YES;
				GCC_WARN_UNINITIALIZED_AUTOS = YES_AGGRESSIVE;
				GCC_WARN_UNUSED_FUNCTION = YES;
				GCC_WARN_UNUSED_VARIABLE = YES;
				IPHONEOS_DEPLOYMENT_TARGET = 15.5;
				MTL_ENABLE_DEBUG_INFO = NO;
				MTL_FAST_MATH = YES;
				SDKROOT = iphoneos;
				SWIFT_COMPILATION_MODE = wholemodule;
				SWIFT_OPTIMIZATION_LEVEL = "-O";
				VALIDATE_PRODUCT = YES;
			};
			name = Release;
		};
		991C28F82A2D2DE000201DE7 /* Debug */ = {
			isa = XCBuildConfiguration;
			buildSettings = {
				ASSETCATALOG_COMPILER_APPICON_NAME = AppIcon;
				ASSETCATALOG_COMPILER_GLOBAL_ACCENT_COLOR_NAME = AccentColor;
				CODE_SIGN_STYLE = Automatic;
				CURRENT_PROJECT_VERSION = 1;
				DEVELOPMENT_TEAM = TJ37D87VC5;
				GENERATE_INFOPLIST_FILE = YES;
				INFOPLIST_FILE = FoodARoma/Info.plist;
				INFOPLIST_KEY_UIApplicationSupportsIndirectInputEvents = YES;
				INFOPLIST_KEY_UILaunchStoryboardName = LaunchScreen;
				INFOPLIST_KEY_UIMainStoryboardFile = Main;
				INFOPLIST_KEY_UISupportedInterfaceOrientations_iPad = "UIInterfaceOrientationPortrait UIInterfaceOrientationPortraitUpsideDown UIInterfaceOrientationLandscapeLeft UIInterfaceOrientationLandscapeRight";
				INFOPLIST_KEY_UISupportedInterfaceOrientations_iPhone = "UIInterfaceOrientationPortrait UIInterfaceOrientationLandscapeLeft UIInterfaceOrientationLandscapeRight";
				LD_RUNPATH_SEARCH_PATHS = (
					"$(inherited)",
					"@executable_path/Frameworks",
				);
				MARKETING_VERSION = 1.0;
				PRODUCT_BUNDLE_IDENTIFIER = alansmathew.FoodARoma;
				PRODUCT_NAME = "$(TARGET_NAME)";
				SWIFT_EMIT_LOC_STRINGS = YES;
				SWIFT_VERSION = 5.0;
				TARGETED_DEVICE_FAMILY = 1;
			};
			name = Debug;
		};
		991C28F92A2D2DE000201DE7 /* Release */ = {
			isa = XCBuildConfiguration;
			buildSettings = {
				ASSETCATALOG_COMPILER_APPICON_NAME = AppIcon;
				ASSETCATALOG_COMPILER_GLOBAL_ACCENT_COLOR_NAME = AccentColor;
				CODE_SIGN_STYLE = Automatic;
				CURRENT_PROJECT_VERSION = 1;
				DEVELOPMENT_TEAM = TJ37D87VC5;
				GENERATE_INFOPLIST_FILE = YES;
				INFOPLIST_FILE = FoodARoma/Info.plist;
				INFOPLIST_KEY_UIApplicationSupportsIndirectInputEvents = YES;
				INFOPLIST_KEY_UILaunchStoryboardName = LaunchScreen;
				INFOPLIST_KEY_UIMainStoryboardFile = Main;
				INFOPLIST_KEY_UISupportedInterfaceOrientations_iPad = "UIInterfaceOrientationPortrait UIInterfaceOrientationPortraitUpsideDown UIInterfaceOrientationLandscapeLeft UIInterfaceOrientationLandscapeRight";
				INFOPLIST_KEY_UISupportedInterfaceOrientations_iPhone = "UIInterfaceOrientationPortrait UIInterfaceOrientationLandscapeLeft UIInterfaceOrientationLandscapeRight";
				LD_RUNPATH_SEARCH_PATHS = (
					"$(inherited)",
					"@executable_path/Frameworks",
				);
				MARKETING_VERSION = 1.0;
				PRODUCT_BUNDLE_IDENTIFIER = alansmathew.FoodARoma;
				PRODUCT_NAME = "$(TARGET_NAME)";
				SWIFT_EMIT_LOC_STRINGS = YES;
				SWIFT_VERSION = 5.0;
				TARGETED_DEVICE_FAMILY = 1;
			};
			name = Release;
		};
		991C28FB2A2D2DE000201DE7 /* Debug */ = {
			isa = XCBuildConfiguration;
			buildSettings = {
				ALWAYS_EMBED_SWIFT_STANDARD_LIBRARIES = YES;
				BUNDLE_LOADER = "$(TEST_HOST)";
				CODE_SIGN_STYLE = Automatic;
				CURRENT_PROJECT_VERSION = 1;
				DEVELOPMENT_TEAM = TJ37D87VC5;
				GENERATE_INFOPLIST_FILE = YES;
				IPHONEOS_DEPLOYMENT_TARGET = 15.5;
				MARKETING_VERSION = 1.0;
				PRODUCT_BUNDLE_IDENTIFIER = alansmathew.FoodARomaTests;
				PRODUCT_NAME = "$(TARGET_NAME)";
				SWIFT_EMIT_LOC_STRINGS = NO;
				SWIFT_VERSION = 5.0;
				TARGETED_DEVICE_FAMILY = "1,2";
				TEST_HOST = "$(BUILT_PRODUCTS_DIR)/FoodARoma.app/FoodARoma";
			};
			name = Debug;
		};
		991C28FC2A2D2DE000201DE7 /* Release */ = {
			isa = XCBuildConfiguration;
			buildSettings = {
				ALWAYS_EMBED_SWIFT_STANDARD_LIBRARIES = YES;
				BUNDLE_LOADER = "$(TEST_HOST)";
				CODE_SIGN_STYLE = Automatic;
				CURRENT_PROJECT_VERSION = 1;
				DEVELOPMENT_TEAM = TJ37D87VC5;
				GENERATE_INFOPLIST_FILE = YES;
				IPHONEOS_DEPLOYMENT_TARGET = 15.5;
				MARKETING_VERSION = 1.0;
				PRODUCT_BUNDLE_IDENTIFIER = alansmathew.FoodARomaTests;
				PRODUCT_NAME = "$(TARGET_NAME)";
				SWIFT_EMIT_LOC_STRINGS = NO;
				SWIFT_VERSION = 5.0;
				TARGETED_DEVICE_FAMILY = "1,2";
				TEST_HOST = "$(BUILT_PRODUCTS_DIR)/FoodARoma.app/FoodARoma";
			};
			name = Release;
		};
		991C28FE2A2D2DE000201DE7 /* Debug */ = {
			isa = XCBuildConfiguration;
			buildSettings = {
				ALWAYS_EMBED_SWIFT_STANDARD_LIBRARIES = YES;
				CODE_SIGN_STYLE = Automatic;
				CURRENT_PROJECT_VERSION = 1;
				DEVELOPMENT_TEAM = TJ37D87VC5;
				GENERATE_INFOPLIST_FILE = YES;
				MARKETING_VERSION = 1.0;
				PRODUCT_BUNDLE_IDENTIFIER = alansmathew.FoodARomaUITests;
				PRODUCT_NAME = "$(TARGET_NAME)";
				SWIFT_EMIT_LOC_STRINGS = NO;
				SWIFT_VERSION = 5.0;
				TARGETED_DEVICE_FAMILY = "1,2";
				TEST_TARGET_NAME = FoodARoma;
			};
			name = Debug;
		};
		991C28FF2A2D2DE000201DE7 /* Release */ = {
			isa = XCBuildConfiguration;
			buildSettings = {
				ALWAYS_EMBED_SWIFT_STANDARD_LIBRARIES = YES;
				CODE_SIGN_STYLE = Automatic;
				CURRENT_PROJECT_VERSION = 1;
				DEVELOPMENT_TEAM = TJ37D87VC5;
				GENERATE_INFOPLIST_FILE = YES;
				MARKETING_VERSION = 1.0;
				PRODUCT_BUNDLE_IDENTIFIER = alansmathew.FoodARomaUITests;
				PRODUCT_NAME = "$(TARGET_NAME)";
				SWIFT_EMIT_LOC_STRINGS = NO;
				SWIFT_VERSION = 5.0;
				TARGETED_DEVICE_FAMILY = "1,2";
				TEST_TARGET_NAME = FoodARoma;
			};
			name = Release;
		};
/* End XCBuildConfiguration section */

/* Begin XCConfigurationList section */
		991C28C82A2D2DD900201DE7 /* Build configuration list for PBXProject "FoodARoma" */ = {
			isa = XCConfigurationList;
			buildConfigurations = (
				991C28F52A2D2DE000201DE7 /* Debug */,
				991C28F62A2D2DE000201DE7 /* Release */,
			);
			defaultConfigurationIsVisible = 0;
			defaultConfigurationName = Release;
		};
		991C28F72A2D2DE000201DE7 /* Build configuration list for PBXNativeTarget "FoodARoma" */ = {
			isa = XCConfigurationList;
			buildConfigurations = (
				991C28F82A2D2DE000201DE7 /* Debug */,
				991C28F92A2D2DE000201DE7 /* Release */,
			);
			defaultConfigurationIsVisible = 0;
			defaultConfigurationName = Release;
		};
		991C28FA2A2D2DE000201DE7 /* Build configuration list for PBXNativeTarget "FoodARomaTests" */ = {
			isa = XCConfigurationList;
			buildConfigurations = (
				991C28FB2A2D2DE000201DE7 /* Debug */,
				991C28FC2A2D2DE000201DE7 /* Release */,
			);
			defaultConfigurationIsVisible = 0;
			defaultConfigurationName = Release;
		};
		991C28FD2A2D2DE000201DE7 /* Build configuration list for PBXNativeTarget "FoodARomaUITests" */ = {
			isa = XCConfigurationList;
			buildConfigurations = (
				991C28FE2A2D2DE000201DE7 /* Debug */,
				991C28FF2A2D2DE000201DE7 /* Release */,
			);
			defaultConfigurationIsVisible = 0;
			defaultConfigurationName = Release;
		};
/* End XCConfigurationList section */

/* Begin XCRemoteSwiftPackageReference section */
		992ECBD52A3B662700B8745A /* XCRemoteSwiftPackageReference "Alamofire" */ = {
			isa = XCRemoteSwiftPackageReference;
			repositoryURL = "https://github.com/Alamofire/Alamofire.git";
			requirement = {
				kind = exactVersion;
				version = 5.7.1;
			};
		};
		E70684732A89D5A900C3D2BF /* XCRemoteSwiftPackageReference "IQKeyboardManager" */ = {
			isa = XCRemoteSwiftPackageReference;
			repositoryURL = "https://github.com/hackiftekhar/IQKeyboardManager.git";
			requirement = {
				kind = upToNextMajorVersion;
				minimumVersion = 6.0.0;
			};
		};
		E75279352A44C87200AF3EA2 /* XCRemoteSwiftPackageReference "NVActivityIndicatorView" */ = {
			isa = XCRemoteSwiftPackageReference;
			repositoryURL = "https://github.com/ninjaprox/NVActivityIndicatorView.git";
			requirement = {
				kind = exactVersion;
				version = 5.1.1;
			};
		};
		E76944A62A684BDD00F9904B /* XCRemoteSwiftPackageReference "lottie-spm" */ = {
			isa = XCRemoteSwiftPackageReference;
			repositoryURL = "https://github.com/airbnb/lottie-spm.git";
			requirement = {
				kind = exactVersion;
				version = 4.2.0;
			};
		};
		E7A2096B2A55DFC5002FF49E /* XCRemoteSwiftPackageReference "SwiftyJSON" */ = {
			isa = XCRemoteSwiftPackageReference;
			repositoryURL = "https://github.com/SwiftyJSON/SwiftyJSON.git";
			requirement = {
				kind = exactVersion;
				version = 5.0.1;
			};
		};
		E7A226712A630D2800015015 /* XCRemoteSwiftPackageReference "AlamofireImage" */ = {
			isa = XCRemoteSwiftPackageReference;
			repositoryURL = "https://github.com/Alamofire/AlamofireImage.git";
			requirement = {
				kind = exactVersion;
				version = 4.2.0;
			};
		};
		E7F5C3692A82FDDA005CE37B /* XCRemoteSwiftPackageReference "PanModal" */ = {
			isa = XCRemoteSwiftPackageReference;
			repositoryURL = "https://github.com/slackhq/PanModal.git";
			requirement = {
				kind = upToNextMajorVersion;
				minimumVersion = 1.0.0;
			};
		};
		E7F5C36C2A831651005CE37B /* XCRemoteSwiftPackageReference "stripe-ios" */ = {
			isa = XCRemoteSwiftPackageReference;
			repositoryURL = "https://github.com/stripe/stripe-ios.git";
			requirement = {
				kind = upToNextMajorVersion;
				minimumVersion = 23.0.0;
			};
		};
		E7FD8FED2A81DB9A00EC6E96 /* XCRemoteSwiftPackageReference "Charts" */ = {
			isa = XCRemoteSwiftPackageReference;
			repositoryURL = "https://github.com/danielgindi/Charts.git";
			requirement = {
				kind = exactVersion;
				version = 5.0.0;
			};
		};
/* End XCRemoteSwiftPackageReference section */

/* Begin XCSwiftPackageProductDependency section */
		992ECBD62A3B662700B8745A /* Alamofire */ = {
			isa = XCSwiftPackageProductDependency;
			package = 992ECBD52A3B662700B8745A /* XCRemoteSwiftPackageReference "Alamofire" */;
			productName = Alamofire;
		};
		E70684742A89D5A900C3D2BF /* IQKeyboardManagerSwift */ = {
			isa = XCSwiftPackageProductDependency;
			package = E70684732A89D5A900C3D2BF /* XCRemoteSwiftPackageReference "IQKeyboardManager" */;
			productName = IQKeyboardManagerSwift;
		};
		E74E95152A81EA0A000C638D /* DGCharts */ = {
			isa = XCSwiftPackageProductDependency;
			package = E7FD8FED2A81DB9A00EC6E96 /* XCRemoteSwiftPackageReference "Charts" */;
			productName = DGCharts;
		};
		E75279362A44C87200AF3EA2 /* NVActivityIndicatorView */ = {
			isa = XCSwiftPackageProductDependency;
			package = E75279352A44C87200AF3EA2 /* XCRemoteSwiftPackageReference "NVActivityIndicatorView" */;
			productName = NVActivityIndicatorView;
		};
		E75279382A44C87200AF3EA2 /* NVActivityIndicatorViewExtended */ = {
			isa = XCSwiftPackageProductDependency;
			package = E75279352A44C87200AF3EA2 /* XCRemoteSwiftPackageReference "NVActivityIndicatorView" */;
			productName = NVActivityIndicatorViewExtended;
		};
		E76944A72A684BDD00F9904B /* Lottie */ = {
			isa = XCSwiftPackageProductDependency;
			package = E76944A62A684BDD00F9904B /* XCRemoteSwiftPackageReference "lottie-spm" */;
			productName = Lottie;
		};
		E7A2096C2A55DFC5002FF49E /* SwiftyJSON */ = {
			isa = XCSwiftPackageProductDependency;
			package = E7A2096B2A55DFC5002FF49E /* XCRemoteSwiftPackageReference "SwiftyJSON" */;
			productName = SwiftyJSON;
		};
		E7A226722A630D2800015015 /* AlamofireImage */ = {
			isa = XCSwiftPackageProductDependency;
			package = E7A226712A630D2800015015 /* XCRemoteSwiftPackageReference "AlamofireImage" */;
			productName = AlamofireImage;
		};
		E7F5C36A2A82FDDA005CE37B /* PanModal */ = {
			isa = XCSwiftPackageProductDependency;
			package = E7F5C3692A82FDDA005CE37B /* XCRemoteSwiftPackageReference "PanModal" */;
			productName = PanModal;
		};
		E7F5C36F2A831652005CE37B /* StripePayments */ = {
			isa = XCSwiftPackageProductDependency;
			package = E7F5C36C2A831651005CE37B /* XCRemoteSwiftPackageReference "stripe-ios" */;
			productName = StripePayments;
		};
/* End XCSwiftPackageProductDependency section */
	};
	rootObject = 991C28C52A2D2DD900201DE7 /* Project object */;
}
